{
  "version": 4,
  "terraform_version": "1.11.3",
  "serial": 306,
  "lineage": "576da234-803a-edfc-8736-102ce0417355",
  "outputs": {
    "backend_health": {
      "value": "http://app-alb-1851802764.eu-west-1.elb.amazonaws.com/api/v1/health",
      "type": "string"
    },
    "frontend_url": {
      "value": "http://app-alb-1851802764.eu-west-1.elb.amazonaws.com",
      "type": "string"
    },
    "migration_status": {
      "value": "arn:aws:ecs:eu-west-1:183631301567:service/app-cluster/DB-migrator",
      "type": "string"
    },
    "rds_secret_arn": {
      "value": "arn:aws:secretsmanager:eu-west-1:183631301567:secret:my-rds-secret-w84Jb6",
      "type": "string",
      "sensitive": true
    }
  },
  "resources": [
    {
      "mode": "managed",
      "type": "aws_appautoscaling_policy",
      "name": "backend_scale_cpu",
      "provider": "provider[\"registry.terraform.io/hashicorp/aws\"]",
      "instances": [
        {
          "schema_version": 0,
          "attributes": {
            "alarm_arns": [
              "arn:aws:cloudwatch:eu-west-1:183631301567:alarm:TargetTracking-service/app-cluster/backend-service-AlarmHigh-f3904a26-8991-4f39-937c-e54a95f878ba",
              "arn:aws:cloudwatch:eu-west-1:183631301567:alarm:TargetTracking-service/app-cluster/backend-service-AlarmLow-b6dbaeaf-18df-4e33-a7fc-2d12a9dd674b"
            ],
            "arn": "arn:aws:autoscaling:eu-west-1:183631301567:scalingPolicy:4e256e72-6225-4619-8343-258222be304c:resource/ecs/service/app-cluster/backend-service:policyName/backend-cpu-scaling",
            "id": "backend-cpu-scaling",
            "name": "backend-cpu-scaling",
            "policy_type": "TargetTrackingScaling",
            "resource_id": "service/app-cluster/backend-service",
            "scalable_dimension": "ecs:service:DesiredCount",
            "service_namespace": "ecs",
            "step_scaling_policy_configuration": [],
            "target_tracking_scaling_policy_configuration": [
              {
                "customized_metric_specification": [],
                "disable_scale_in": false,
                "predefined_metric_specification": [
                  {
                    "predefined_metric_type": "ECSServiceAverageCPUUtilization",
                    "resource_label": ""
                  }
                ],
                "scale_in_cooldown": 300,
                "scale_out_cooldown": 120,
                "target_value": 60
              }
            ]
          },
          "sensitive_attributes": [],
          "private": "bnVsbA==",
          "dependencies": [
            "aws_appautoscaling_target.backend_scale",
            "aws_cloudwatch_log_group.backend_logs",
            "aws_db_instance.rds",
            "aws_db_proxy.rds_proxy",
            "aws_db_subnet_group.rds_subnet_group",
            "aws_ecs_cluster.main",
            "aws_ecs_service.backend",
            "aws_ecs_service.run_migrations",
            "aws_ecs_task_definition.backend",
            "aws_ecs_task_definition.db_migrations",
            "aws_iam_role.ecs_execution_role",
            "aws_iam_role.rds_proxy_role",
            "aws_lb.app_alb",
            "aws_lb_listener.http",
            "aws_lb_listener_rule.backend_rule",
            "aws_lb_target_group.backend_tg",
            "aws_secretsmanager_secret.frontend_url",
            "aws_secretsmanager_secret.jwt_secret",
            "aws_secretsmanager_secret.rds_secret",
            "aws_secretsmanager_secret_version.rds_secret_version",
            "aws_security_group.alb_sg",
            "aws_security_group.ecs_sg",
            "aws_security_group.rds_proxy_sg",
            "aws_security_group.rds_sg",
            "aws_subnet.private",
            "aws_subnet.public",
            "aws_vpc.main",
            "random_password.db_password"
          ]
        }
      ]
    },
    {
      "mode": "managed",
      "type": "aws_appautoscaling_policy",
      "name": "frontend_scale_requests",
      "provider": "provider[\"registry.terraform.io/hashicorp/aws\"]",
      "instances": [
        {
          "schema_version": 0,
          "attributes": {
            "alarm_arns": [
              "arn:aws:cloudwatch:eu-west-1:183631301567:alarm:TargetTracking-service/app-cluster/frontend-service-AlarmHigh-324c9343-cba0-4352-85c3-b4abe05c3c3f",
              "arn:aws:cloudwatch:eu-west-1:183631301567:alarm:TargetTracking-service/app-cluster/frontend-service-AlarmLow-09fadd29-853f-4d8f-a83b-0d6b372f8c33"
            ],
            "arn": "arn:aws:autoscaling:eu-west-1:183631301567:scalingPolicy:3544aa45-f88f-4ff6-9c17-f130e47cf16b:resource/ecs/service/app-cluster/frontend-service:policyName/frontend-request-scaling",
            "id": "frontend-request-scaling",
            "name": "frontend-request-scaling",
            "policy_type": "TargetTrackingScaling",
            "resource_id": "service/app-cluster/frontend-service",
            "scalable_dimension": "ecs:service:DesiredCount",
            "service_namespace": "ecs",
            "step_scaling_policy_configuration": [],
            "target_tracking_scaling_policy_configuration": [
              {
                "customized_metric_specification": [],
                "disable_scale_in": false,
                "predefined_metric_specification": [
                  {
                    "predefined_metric_type": "ALBRequestCountPerTarget",
                    "resource_label": "app/app-alb/6f79ff5c7766a1cd/targetgroup/frontend-tg/d2630994df65aa91"
                  }
                ],
                "scale_in_cooldown": 180,
                "scale_out_cooldown": 60,
                "target_value": 500
              }
            ]
          },
          "sensitive_attributes": [],
          "private": "bnVsbA==",
          "dependencies": [
            "aws_appautoscaling_target.frontend_scale",
            "aws_cloudwatch_log_group.backend_logs",
            "aws_cloudwatch_log_group.frontend_logs",
            "aws_db_instance.rds",
            "aws_db_proxy.rds_proxy",
            "aws_db_subnet_group.rds_subnet_group",
            "aws_ecs_cluster.main",
            "aws_ecs_service.backend",
            "aws_ecs_service.frontend",
            "aws_ecs_service.run_migrations",
            "aws_ecs_task_definition.backend",
            "aws_ecs_task_definition.db_migrations",
            "aws_ecs_task_definition.frontend",
            "aws_iam_role.ecs_execution_role",
            "aws_iam_role.rds_proxy_role",
            "aws_lb.app_alb",
            "aws_lb_listener.http",
            "aws_lb_listener_rule.backend_rule",
            "aws_lb_listener_rule.frontend_rule",
            "aws_lb_target_group.backend_tg",
            "aws_lb_target_group.frontend_tg",
            "aws_secretsmanager_secret.frontend_url",
            "aws_secretsmanager_secret.jwt_secret",
            "aws_secretsmanager_secret.rds_secret",
            "aws_secretsmanager_secret_version.rds_secret_version",
            "aws_security_group.alb_sg",
            "aws_security_group.ecs_sg",
            "aws_security_group.rds_proxy_sg",
            "aws_security_group.rds_sg",
            "aws_subnet.private",
            "aws_subnet.public",
            "aws_vpc.main",
            "random_password.db_password"
          ]
        }
      ]
    },
    {
      "mode": "managed",
      "type": "aws_appautoscaling_target",
      "name": "backend_scale",
      "provider": "provider[\"registry.terraform.io/hashicorp/aws\"]",
      "instances": [
        {
          "schema_version": 0,
          "attributes": {
            "arn": "arn:aws:application-autoscaling:eu-west-1:183631301567:scalable-target/0ec54e256e72622546198343258222be304c",
            "id": "service/app-cluster/backend-service",
            "max_capacity": 6,
            "min_capacity": 2,
            "resource_id": "service/app-cluster/backend-service",
            "role_arn": "arn:aws:iam::183631301567:role/aws-service-role/ecs.application-autoscaling.amazonaws.com/AWSServiceRoleForApplicationAutoScaling_ECSService",
            "scalable_dimension": "ecs:service:DesiredCount",
            "service_namespace": "ecs",
            "suspended_state": [
              {
                "dynamic_scaling_in_suspended": false,
                "dynamic_scaling_out_suspended": false,
                "scheduled_scaling_suspended": false
              }
            ],
            "tags": {},
            "tags_all": {}
          },
          "sensitive_attributes": [],
          "private": "bnVsbA==",
          "dependencies": [
            "aws_cloudwatch_log_group.backend_logs",
            "aws_db_instance.rds",
            "aws_db_proxy.rds_proxy",
            "aws_db_subnet_group.rds_subnet_group",
            "aws_ecs_cluster.main",
            "aws_ecs_service.backend",
            "aws_ecs_service.run_migrations",
            "aws_ecs_task_definition.backend",
            "aws_ecs_task_definition.db_migrations",
            "aws_iam_role.ecs_execution_role",
            "aws_iam_role.rds_proxy_role",
            "aws_lb.app_alb",
            "aws_lb_listener.http",
            "aws_lb_listener_rule.backend_rule",
            "aws_lb_target_group.backend_tg",
            "aws_secretsmanager_secret.frontend_url",
            "aws_secretsmanager_secret.jwt_secret",
            "aws_secretsmanager_secret.rds_secret",
            "aws_secretsmanager_secret_version.rds_secret_version",
            "aws_security_group.alb_sg",
            "aws_security_group.ecs_sg",
            "aws_security_group.rds_proxy_sg",
            "aws_security_group.rds_sg",
            "aws_subnet.private",
            "aws_subnet.public",
            "aws_vpc.main",
            "random_password.db_password"
          ]
        }
      ]
    },
    {
      "mode": "managed",
      "type": "aws_appautoscaling_target",
      "name": "frontend_scale",
      "provider": "provider[\"registry.terraform.io/hashicorp/aws\"]",
      "instances": [
        {
          "schema_version": 0,
          "attributes": {
            "arn": "arn:aws:application-autoscaling:eu-west-1:183631301567:scalable-target/0ec53544aa45f88f4ff69c17f130e47cf16b",
            "id": "service/app-cluster/frontend-service",
            "max_capacity": 10,
            "min_capacity": 2,
            "resource_id": "service/app-cluster/frontend-service",
            "role_arn": "arn:aws:iam::183631301567:role/aws-service-role/ecs.application-autoscaling.amazonaws.com/AWSServiceRoleForApplicationAutoScaling_ECSService",
            "scalable_dimension": "ecs:service:DesiredCount",
            "service_namespace": "ecs",
            "suspended_state": [
              {
                "dynamic_scaling_in_suspended": false,
                "dynamic_scaling_out_suspended": false,
                "scheduled_scaling_suspended": false
              }
            ],
            "tags": {},
            "tags_all": {}
          },
          "sensitive_attributes": [],
          "private": "bnVsbA==",
          "dependencies": [
            "aws_cloudwatch_log_group.backend_logs",
            "aws_cloudwatch_log_group.frontend_logs",
            "aws_db_instance.rds",
            "aws_db_proxy.rds_proxy",
            "aws_db_subnet_group.rds_subnet_group",
            "aws_ecs_cluster.main",
            "aws_ecs_service.backend",
            "aws_ecs_service.frontend",
            "aws_ecs_service.run_migrations",
            "aws_ecs_task_definition.backend",
            "aws_ecs_task_definition.db_migrations",
            "aws_ecs_task_definition.frontend",
            "aws_iam_role.ecs_execution_role",
            "aws_iam_role.rds_proxy_role",
            "aws_lb.app_alb",
            "aws_lb_listener.http",
            "aws_lb_listener_rule.backend_rule",
            "aws_lb_listener_rule.frontend_rule",
            "aws_lb_target_group.backend_tg",
            "aws_lb_target_group.frontend_tg",
            "aws_secretsmanager_secret.frontend_url",
            "aws_secretsmanager_secret.jwt_secret",
            "aws_secretsmanager_secret.rds_secret",
            "aws_secretsmanager_secret_version.rds_secret_version",
            "aws_security_group.alb_sg",
            "aws_security_group.ecs_sg",
            "aws_security_group.rds_proxy_sg",
            "aws_security_group.rds_sg",
            "aws_subnet.private",
            "aws_subnet.public",
            "aws_vpc.main",
            "random_password.db_password"
          ]
        }
      ]
    },
    {
      "mode": "managed",
      "type": "aws_cloudwatch_log_group",
      "name": "backend_logs",
      "provider": "provider[\"registry.terraform.io/hashicorp/aws\"]",
      "instances": [
        {
          "schema_version": 0,
          "attributes": {
            "arn": "arn:aws:logs:eu-west-1:183631301567:log-group:/ecs/prod/backend",
            "id": "/ecs/prod/backend",
            "kms_key_id": "",
            "log_group_class": "STANDARD",
            "name": "/ecs/prod/backend",
            "name_prefix": "",
            "retention_in_days": 7,
            "skip_destroy": false,
            "tags": {
              "Environment": "prod",
              "Service": "backend"
            },
            "tags_all": {
              "Environment": "prod",
              "Service": "backend"
            }
          },
          "sensitive_attributes": [],
          "private": "bnVsbA=="
        }
      ]
    },
    {
      "mode": "managed",
      "type": "aws_cloudwatch_log_group",
      "name": "ecs_logs",
      "provider": "provider[\"registry.terraform.io/hashicorp/aws\"]",
      "instances": [
        {
          "schema_version": 0,
          "attributes": {
            "arn": "arn:aws:logs:eu-west-1:183631301567:log-group:/ecs/app",
            "id": "/ecs/app",
            "kms_key_id": "",
            "log_group_class": "STANDARD",
            "name": "/ecs/app",
            "name_prefix": "",
            "retention_in_days": 7,
            "skip_destroy": false,
            "tags": {},
            "tags_all": {}
          },
          "sensitive_attributes": [],
          "private": "bnVsbA=="
        }
      ]
    },
    {
      "mode": "managed",
      "type": "aws_cloudwatch_log_group",
      "name": "frontend_logs",
      "provider": "provider[\"registry.terraform.io/hashicorp/aws\"]",
      "instances": [
        {
          "schema_version": 0,
          "attributes": {
            "arn": "arn:aws:logs:eu-west-1:183631301567:log-group:/ecs/prod/frontend",
            "id": "/ecs/prod/frontend",
            "kms_key_id": "",
            "log_group_class": "STANDARD",
            "name": "/ecs/prod/frontend",
            "name_prefix": "",
            "retention_in_days": 7,
            "skip_destroy": false,
            "tags": {
              "Environment": "prod",
              "Service": "frontend"
            },
            "tags_all": {
              "Environment": "prod",
              "Service": "frontend"
            }
          },
          "sensitive_attributes": [],
          "private": "bnVsbA=="
        }
      ]
    },
    {
      "mode": "managed",
      "type": "aws_db_instance",
      "name": "rds",
      "provider": "provider[\"registry.terraform.io/hashicorp/aws\"]",
      "instances": [
        {
          "schema_version": 2,
          "attributes": {
            "address": "my-rds-db.cpoyweeca228.eu-west-1.rds.amazonaws.com",
            "allocated_storage": 20,
            "allow_major_version_upgrade": null,
            "apply_immediately": false,
            "arn": "arn:aws:rds:eu-west-1:183631301567:db:my-rds-db",
            "auto_minor_version_upgrade": true,
            "availability_zone": "eu-west-1a",
            "backup_retention_period": 7,
            "backup_target": "region",
            "backup_window": "03:00-04:00",
            "blue_green_update": [],
            "ca_cert_identifier": "rds-ca-rsa2048-g1",
            "character_set_name": "",
            "copy_tags_to_snapshot": false,
            "custom_iam_instance_profile": "",
            "customer_owned_ip_enabled": false,
            "database_insights_mode": "standard",
            "db_name": "mydatabase",
            "db_subnet_group_name": "rds-subnet-group",
            "dedicated_log_volume": false,
            "delete_automated_backups": true,
            "deletion_protection": false,
            "domain": "",
            "domain_auth_secret_arn": "",
            "domain_dns_ips": [],
            "domain_fqdn": "",
            "domain_iam_role_name": "",
            "domain_ou": "",
            "enabled_cloudwatch_logs_exports": [],
            "endpoint": "my-rds-db.cpoyweeca228.eu-west-1.rds.amazonaws.com:3306",
            "engine": "mysql",
            "engine_lifecycle_support": "open-source-rds-extended-support",
            "engine_version": "8.0",
            "engine_version_actual": "8.0.40",
            "final_snapshot_identifier": null,
            "hosted_zone_id": "Z29XKXDKYMONMX",
            "iam_database_authentication_enabled": false,
            "id": "db-XKWJENLLZHAUMDE6VJZDCMIPV4",
            "identifier": "my-rds-db",
            "identifier_prefix": "",
            "instance_class": "db.t3.micro",
            "iops": 0,
            "kms_key_id": "",
            "latest_restorable_time": "2025-04-01T01:10:00Z",
            "license_model": "general-public-license",
            "listener_endpoint": [],
            "maintenance_window": "sun:04:00-sun:05:00",
            "manage_master_user_password": null,
            "master_user_secret": [],
            "master_user_secret_kms_key_id": null,
            "max_allocated_storage": 0,
            "monitoring_interval": 0,
            "monitoring_role_arn": "",
            "multi_az": false,
            "nchar_character_set_name": "",
            "network_type": "IPV4",
            "option_group_name": "default:mysql-8-0",
            "parameter_group_name": "default.mysql8.0",
            "password": "f\u003cv)otfBgDh{5vM3",
            "password_wo": null,
            "password_wo_version": null,
            "performance_insights_enabled": false,
            "performance_insights_kms_key_id": "",
            "performance_insights_retention_period": 0,
            "port": 3306,
            "publicly_accessible": false,
            "replica_mode": "",
            "replicas": [],
            "replicate_source_db": "",
            "resource_id": "db-XKWJENLLZHAUMDE6VJZDCMIPV4",
            "restore_to_point_in_time": [],
            "s3_import": [],
            "skip_final_snapshot": true,
            "snapshot_identifier": null,
            "status": "available",
            "storage_encrypted": false,
            "storage_throughput": 0,
            "storage_type": "gp2",
            "tags": {},
            "tags_all": {},
            "timeouts": null,
            "timezone": "",
            "upgrade_storage_config": null,
            "username": "admin",
            "vpc_security_group_ids": [
              "sg-008c5551150e1e295"
            ]
          },
          "sensitive_attributes": [
            [
              {
                "type": "get_attr",
                "value": "password"
              }
            ],
            [
              {
                "type": "get_attr",
                "value": "username"
              }
            ],
            [
              {
                "type": "get_attr",
                "value": "password_wo"
              }
            ]
          ],
          "private": "eyJlMmJmYjczMC1lY2FhLTExZTYtOGY4OC0zNDM2M2JjN2M0YzAiOnsiY3JlYXRlIjozMDAwMDAwMDAwMDAwLCJkZWxldGUiOjM2MDAwMDAwMDAwMDAsInVwZGF0ZSI6NDgwMDAwMDAwMDAwMH0sInNjaGVtYV92ZXJzaW9uIjoiMiJ9",
          "dependencies": [
            "aws_db_subnet_group.rds_subnet_group",
            "aws_secretsmanager_secret.rds_secret",
            "aws_secretsmanager_secret_version.rds_secret_version",
            "aws_security_group.rds_proxy_sg",
            "aws_security_group.rds_sg",
            "aws_subnet.private",
            "aws_vpc.main",
            "random_password.db_password"
          ]
        }
      ]
    },
    {
      "mode": "managed",
      "type": "aws_db_proxy",
      "name": "rds_proxy",
      "provider": "provider[\"registry.terraform.io/hashicorp/aws\"]",
      "instances": [
        {
          "schema_version": 0,
          "attributes": {
            "arn": "arn:aws:rds:eu-west-1:183631301567:db-proxy:prx-054ab1583c6614c54",
            "auth": [
              {
                "auth_scheme": "SECRETS",
                "client_password_auth_type": "MYSQL_CACHING_SHA2_PASSWORD",
                "description": "Proxy authentication",
                "iam_auth": "DISABLED",
                "secret_arn": "arn:aws:secretsmanager:eu-west-1:183631301567:secret:my-rds-secret-w84Jb6",
                "username": ""
              }
            ],
            "debug_logging": false,
            "endpoint": "my-rds-proxy.proxy-cpoyweeca228.eu-west-1.rds.amazonaws.com",
            "engine_family": "MYSQL",
            "id": "my-rds-proxy",
            "idle_client_timeout": 1800,
            "name": "my-rds-proxy",
            "require_tls": false,
            "role_arn": "arn:aws:iam::183631301567:role/rds-proxy-role",
            "tags": {},
            "tags_all": {},
            "timeouts": null,
            "vpc_security_group_ids": [
              "sg-07328d68fd3a20dac"
            ],
            "vpc_subnet_ids": [
              "subnet-06b547b2902e96bd8",
              "subnet-07a84858ed4ae4e87"
            ]
          },
          "sensitive_attributes": [],
          "private": "eyJlMmJmYjczMC1lY2FhLTExZTYtOGY4OC0zNDM2M2JjN2M0YzAiOnsiY3JlYXRlIjoxODAwMDAwMDAwMDAwLCJkZWxldGUiOjM2MDAwMDAwMDAwMDAsInVwZGF0ZSI6MTgwMDAwMDAwMDAwMH19",
          "dependencies": [
            "aws_db_instance.rds",
            "aws_db_subnet_group.rds_subnet_group",
            "aws_iam_role.rds_proxy_role",
            "aws_secretsmanager_secret.rds_secret",
            "aws_secretsmanager_secret_version.rds_secret_version",
            "aws_security_group.rds_proxy_sg",
            "aws_security_group.rds_sg",
            "aws_subnet.private",
            "aws_vpc.main",
            "random_password.db_password"
          ]
        }
      ]
    },
    {
      "mode": "managed",
      "type": "aws_db_proxy_target",
      "name": "rds_proxy_target",
      "provider": "provider[\"registry.terraform.io/hashicorp/aws\"]",
      "instances": [
        {
          "schema_version": 0,
          "attributes": {
            "db_cluster_identifier": null,
            "db_instance_identifier": "my-rds-db",
            "db_proxy_name": "my-rds-proxy",
            "endpoint": "my-rds-db.cpoyweeca228.eu-west-1.rds.amazonaws.com",
            "id": "my-rds-proxy/default/RDS_INSTANCE/my-rds-db",
            "port": 3306,
            "rds_resource_id": "my-rds-db",
            "target_arn": "",
            "target_group_name": "default",
            "tracked_cluster_id": "",
            "type": "RDS_INSTANCE"
          },
          "sensitive_attributes": [],
          "private": "bnVsbA==",
          "dependencies": [
            "aws_db_instance.rds",
            "aws_db_proxy.rds_proxy",
            "aws_db_subnet_group.rds_subnet_group",
            "aws_iam_role.rds_proxy_role",
            "aws_secretsmanager_secret.rds_secret",
            "aws_secretsmanager_secret_version.rds_secret_version",
            "aws_security_group.rds_proxy_sg",
            "aws_security_group.rds_sg",
            "aws_subnet.private",
            "aws_vpc.main",
            "random_password.db_password"
          ]
        }
      ]
    },
    {
      "mode": "managed",
      "type": "aws_db_subnet_group",
      "name": "rds_subnet_group",
      "provider": "provider[\"registry.terraform.io/hashicorp/aws\"]",
      "instances": [
        {
          "schema_version": 0,
          "attributes": {
            "arn": "arn:aws:rds:eu-west-1:183631301567:subgrp:rds-subnet-group",
            "description": "Managed by Terraform",
            "id": "rds-subnet-group",
            "name": "rds-subnet-group",
            "name_prefix": "",
            "subnet_ids": [
              "subnet-06b547b2902e96bd8",
              "subnet-07a84858ed4ae4e87"
            ],
            "supported_network_types": [
              "IPV4"
            ],
            "tags": {},
            "tags_all": {},
            "vpc_id": "vpc-08e361d69fd5dd418"
          },
          "sensitive_attributes": [],
          "private": "bnVsbA==",
          "dependencies": [
            "aws_subnet.private",
            "aws_vpc.main"
          ]
        }
      ]
    },
    {
      "mode": "managed",
      "type": "aws_ecs_cluster",
      "name": "main",
      "provider": "provider[\"registry.terraform.io/hashicorp/aws\"]",
      "instances": [
        {
          "schema_version": 0,
          "attributes": {
            "arn": "arn:aws:ecs:eu-west-1:183631301567:cluster/app-cluster",
            "configuration": [],
            "id": "arn:aws:ecs:eu-west-1:183631301567:cluster/app-cluster",
            "name": "app-cluster",
            "service_connect_defaults": [],
            "setting": [
              {
                "name": "containerInsights",
                "value": "disabled"
              }
            ],
            "tags": {},
            "tags_all": {}
          },
          "sensitive_attributes": [],
          "private": "bnVsbA=="
        }
      ]
    },
    {
      "mode": "managed",
      "type": "aws_ecs_service",
      "name": "backend",
      "provider": "provider[\"registry.terraform.io/hashicorp/aws\"]",
      "instances": [
        {
          "schema_version": 1,
          "attributes": {
            "alarms": [],
            "availability_zone_rebalancing": "DISABLED",
            "capacity_provider_strategy": [],
            "cluster": "arn:aws:ecs:eu-west-1:183631301567:cluster/app-cluster",
            "deployment_circuit_breaker": [
              {
                "enable": true,
                "rollback": true
              }
            ],
            "deployment_controller": [
              {
                "type": "ECS"
              }
            ],
            "deployment_maximum_percent": 200,
            "deployment_minimum_healthy_percent": 100,
            "desired_count": 2,
            "enable_ecs_managed_tags": false,
            "enable_execute_command": true,
            "force_delete": null,
            "force_new_deployment": null,
            "health_check_grace_period_seconds": 60,
            "iam_role": "/aws-service-role/ecs.amazonaws.com/AWSServiceRoleForECS",
            "id": "arn:aws:ecs:eu-west-1:183631301567:service/app-cluster/backend-service",
            "launch_type": "FARGATE",
            "load_balancer": [
              {
                "container_name": "backend",
                "container_port": 80,
                "elb_name": "",
                "target_group_arn": "arn:aws:elasticloadbalancing:eu-west-1:183631301567:targetgroup/backend-tg/d9adda393af192fd"
              }
            ],
            "name": "backend-service",
            "network_configuration": [
              {
                "assign_public_ip": false,
                "security_groups": [
                  "sg-08e977673f0f367fb"
                ],
                "subnets": [
                  "subnet-06b547b2902e96bd8",
                  "subnet-07a84858ed4ae4e87"
                ]
              }
            ],
            "ordered_placement_strategy": [],
            "placement_constraints": [],
            "platform_version": "LATEST",
            "propagate_tags": "NONE",
            "scheduling_strategy": "REPLICA",
            "service_connect_configuration": [],
            "service_registries": [],
            "tags": {
              "ecs:enable-container-insights": "true"
            },
            "tags_all": {
              "ecs:enable-container-insights": "true"
            },
            "task_definition": "arn:aws:ecs:eu-west-1:183631301567:task-definition/backend:7",
            "timeouts": null,
            "triggers": {},
            "volume_configuration": [],
            "vpc_lattice_configurations": [],
            "wait_for_steady_state": false
          },
          "sensitive_attributes": [],
          "private": "eyJlMmJmYjczMC1lY2FhLTExZTYtOGY4OC0zNDM2M2JjN2M0YzAiOnsiY3JlYXRlIjoxMjAwMDAwMDAwMDAwLCJkZWxldGUiOjEyMDAwMDAwMDAwMDAsInVwZGF0ZSI6MTIwMDAwMDAwMDAwMH0sInNjaGVtYV92ZXJzaW9uIjoiMSJ9",
          "dependencies": [
            "aws_cloudwatch_log_group.backend_logs",
            "aws_db_instance.rds",
            "aws_db_proxy.rds_proxy",
            "aws_db_subnet_group.rds_subnet_group",
            "aws_ecs_cluster.main",
            "aws_ecs_service.run_migrations",
            "aws_ecs_task_definition.backend",
            "aws_ecs_task_definition.db_migrations",
            "aws_iam_role.ecs_execution_role",
            "aws_iam_role.rds_proxy_role",
            "aws_lb.app_alb",
            "aws_lb_listener.http",
            "aws_lb_listener_rule.backend_rule",
            "aws_lb_target_group.backend_tg",
            "aws_secretsmanager_secret.frontend_url",
            "aws_secretsmanager_secret.jwt_secret",
            "aws_secretsmanager_secret.rds_secret",
            "aws_secretsmanager_secret_version.rds_secret_version",
            "aws_security_group.alb_sg",
            "aws_security_group.ecs_sg",
            "aws_security_group.rds_proxy_sg",
            "aws_security_group.rds_sg",
            "aws_subnet.private",
            "aws_subnet.public",
            "aws_vpc.main",
            "random_password.db_password"
          ]
        }
      ]
    },
    {
      "mode": "managed",
      "type": "aws_ecs_service",
      "name": "frontend",
      "provider": "provider[\"registry.terraform.io/hashicorp/aws\"]",
      "instances": [
        {
          "schema_version": 1,
          "attributes": {
            "alarms": [],
            "availability_zone_rebalancing": "DISABLED",
            "capacity_provider_strategy": [],
            "cluster": "arn:aws:ecs:eu-west-1:183631301567:cluster/app-cluster",
            "deployment_circuit_breaker": [
              {
                "enable": true,
                "rollback": true
              }
            ],
            "deployment_controller": [
              {
                "type": "ECS"
              }
            ],
            "deployment_maximum_percent": 200,
            "deployment_minimum_healthy_percent": 100,
            "desired_count": 2,
            "enable_ecs_managed_tags": false,
            "enable_execute_command": true,
            "force_delete": null,
            "force_new_deployment": null,
            "health_check_grace_period_seconds": 60,
            "iam_role": "/aws-service-role/ecs.amazonaws.com/AWSServiceRoleForECS",
            "id": "arn:aws:ecs:eu-west-1:183631301567:service/app-cluster/frontend-service",
            "launch_type": "FARGATE",
            "load_balancer": [
              {
                "container_name": "frontend",
                "container_port": 3000,
                "elb_name": "",
                "target_group_arn": "arn:aws:elasticloadbalancing:eu-west-1:183631301567:targetgroup/frontend-tg/d2630994df65aa91"
              }
            ],
            "name": "frontend-service",
            "network_configuration": [
              {
                "assign_public_ip": false,
                "security_groups": [
                  "sg-08e977673f0f367fb"
                ],
                "subnets": [
                  "subnet-06b547b2902e96bd8",
                  "subnet-07a84858ed4ae4e87"
                ]
              }
            ],
            "ordered_placement_strategy": [],
            "placement_constraints": [],
            "platform_version": "LATEST",
            "propagate_tags": "NONE",
            "scheduling_strategy": "REPLICA",
            "service_connect_configuration": [],
            "service_registries": [],
            "tags": {
              "ecs:enable-container-insights": "true"
            },
            "tags_all": {
              "ecs:enable-container-insights": "true"
            },
            "task_definition": "arn:aws:ecs:eu-west-1:183631301567:task-definition/frontend-task:4",
            "timeouts": null,
            "triggers": {},
            "volume_configuration": [],
            "vpc_lattice_configurations": [],
            "wait_for_steady_state": false
          },
          "sensitive_attributes": [],
          "private": "eyJlMmJmYjczMC1lY2FhLTExZTYtOGY4OC0zNDM2M2JjN2M0YzAiOnsiY3JlYXRlIjoxMjAwMDAwMDAwMDAwLCJkZWxldGUiOjEyMDAwMDAwMDAwMDAsInVwZGF0ZSI6MTIwMDAwMDAwMDAwMH0sInNjaGVtYV92ZXJzaW9uIjoiMSJ9",
          "dependencies": [
            "aws_cloudwatch_log_group.backend_logs",
            "aws_cloudwatch_log_group.frontend_logs",
            "aws_db_instance.rds",
            "aws_db_proxy.rds_proxy",
            "aws_db_subnet_group.rds_subnet_group",
            "aws_ecs_cluster.main",
            "aws_ecs_service.backend",
            "aws_ecs_service.run_migrations",
            "aws_ecs_task_definition.backend",
            "aws_ecs_task_definition.db_migrations",
            "aws_ecs_task_definition.frontend",
            "aws_iam_role.ecs_execution_role",
            "aws_iam_role.rds_proxy_role",
            "aws_lb.app_alb",
            "aws_lb_listener.http",
            "aws_lb_listener_rule.backend_rule",
            "aws_lb_listener_rule.frontend_rule",
            "aws_lb_target_group.backend_tg",
            "aws_lb_target_group.frontend_tg",
            "aws_secretsmanager_secret.frontend_url",
            "aws_secretsmanager_secret.jwt_secret",
            "aws_secretsmanager_secret.rds_secret",
            "aws_secretsmanager_secret_version.rds_secret_version",
            "aws_security_group.alb_sg",
            "aws_security_group.ecs_sg",
            "aws_security_group.rds_proxy_sg",
            "aws_security_group.rds_sg",
            "aws_subnet.private",
            "aws_subnet.public",
            "aws_vpc.main",
            "random_password.db_password"
          ]
        }
      ]
    },
    {
      "mode": "managed",
      "type": "aws_ecs_service",
      "name": "run_migrations",
      "provider": "provider[\"registry.terraform.io/hashicorp/aws\"]",
      "instances": [
        {
          "schema_version": 1,
          "attributes": {
            "alarms": [],
            "availability_zone_rebalancing": "DISABLED",
            "capacity_provider_strategy": [],
            "cluster": "app-cluster",
            "deployment_circuit_breaker": [
              {
                "enable": false,
                "rollback": false
              }
            ],
            "deployment_controller": [
              {
                "type": "ECS"
              }
            ],
            "deployment_maximum_percent": 200,
            "deployment_minimum_healthy_percent": 100,
            "desired_count": 1,
            "enable_ecs_managed_tags": false,
            "enable_execute_command": true,
            "force_delete": null,
            "force_new_deployment": null,
            "health_check_grace_period_seconds": 0,
            "iam_role": "/aws-service-role/ecs.amazonaws.com/AWSServiceRoleForECS",
            "id": "arn:aws:ecs:eu-west-1:183631301567:service/app-cluster/DB-migrator",
            "launch_type": "FARGATE",
            "load_balancer": [],
            "name": "DB-migrator",
            "network_configuration": [
              {
                "assign_public_ip": false,
                "security_groups": [
                  "sg-08e977673f0f367fb"
                ],
                "subnets": [
                  "subnet-06b547b2902e96bd8",
                  "subnet-07a84858ed4ae4e87"
                ]
              }
            ],
            "ordered_placement_strategy": [],
            "placement_constraints": [],
            "platform_version": "LATEST",
            "propagate_tags": "NONE",
            "scheduling_strategy": "REPLICA",
            "service_connect_configuration": [],
            "service_registries": [],
            "tags": {},
            "tags_all": {},
            "task_definition": "arn:aws:ecs:eu-west-1:183631301567:task-definition/db-migrations:8",
            "timeouts": null,
            "triggers": {},
            "volume_configuration": [],
            "vpc_lattice_configurations": [],
            "wait_for_steady_state": false
          },
          "sensitive_attributes": [],
          "private": "eyJlMmJmYjczMC1lY2FhLTExZTYtOGY4OC0zNDM2M2JjN2M0YzAiOnsiY3JlYXRlIjoxMjAwMDAwMDAwMDAwLCJkZWxldGUiOjEyMDAwMDAwMDAwMDAsInVwZGF0ZSI6MTIwMDAwMDAwMDAwMH0sInNjaGVtYV92ZXJzaW9uIjoiMSJ9",
          "dependencies": [
            "aws_cloudwatch_log_group.backend_logs",
            "aws_db_instance.rds",
            "aws_db_proxy.rds_proxy",
            "aws_db_subnet_group.rds_subnet_group",
            "aws_ecs_cluster.main",
            "aws_ecs_task_definition.db_migrations",
            "aws_iam_role.ecs_execution_role",
            "aws_iam_role.rds_proxy_role",
            "aws_secretsmanager_secret.rds_secret",
            "aws_secretsmanager_secret_version.rds_secret_version",
            "aws_security_group.alb_sg",
            "aws_security_group.ecs_sg",
            "aws_security_group.rds_proxy_sg",
            "aws_security_group.rds_sg",
            "aws_subnet.private",
            "aws_vpc.main",
            "random_password.db_password"
          ]
        }
      ]
    },
    {
      "mode": "managed",
      "type": "aws_ecs_task_definition",
      "name": "backend",
      "provider": "provider[\"registry.terraform.io/hashicorp/aws\"]",
      "instances": [
        {
          "schema_version": 1,
          "attributes": {
            "arn": "arn:aws:ecs:eu-west-1:183631301567:task-definition/backend:7",
            "arn_without_revision": "arn:aws:ecs:eu-west-1:183631301567:task-definition/backend",
            "container_definitions": "[{\"environment\":[{\"name\":\"DB_HOST\",\"value\":\"my-rds-proxy.proxy-cpoyweeca228.eu-west-1.rds.amazonaws.com\"}],\"essential\":true,\"healthCheck\":{\"command\":[\"CMD-SHELL\",\"curl -f http://localhost:80/api/v1/health || exit 1\"],\"interval\":10,\"retries\":3,\"startPeriod\":30,\"timeout\":5},\"image\":\"183631301567.dkr.ecr.eu-west-1.amazonaws.com/lamp-backend:latest\",\"logConfiguration\":{\"logDriver\":\"awslogs\",\"options\":{\"awslogs-stream-prefix\":\"backend\",\"awslogs-group\":\"/ecs/prod/backend\",\"awslogs-create-group\":\"true\",\"awslogs-region\":\"eu-west-1\"}},\"mountPoints\":[],\"name\":\"backend\",\"portMappings\":[{\"containerPort\":80,\"hostPort\":80,\"protocol\":\"tcp\"}],\"secrets\":[{\"name\":\"DB_NAME\",\"valueFrom\":\"arn:aws:secretsmanager:eu-west-1:183631301567:secret:my-rds-secret-w84Jb6:db_name::\"},{\"name\":\"DB_PASSWORD\",\"valueFrom\":\"arn:aws:secretsmanager:eu-west-1:183631301567:secret:my-rds-secret-w84Jb6:password::\"},{\"name\":\"DB_USER\",\"valueFrom\":\"arn:aws:secretsmanager:eu-west-1:183631301567:secret:my-rds-secret-w84Jb6:username::\"},{\"name\":\"FRONTEND_URL\",\"valueFrom\":\"arn:aws:secretsmanager:eu-west-1:183631301567:secret:frontend-url-nFoFRU:frontend_url::\"},{\"name\":\"JWT_SECRET\",\"valueFrom\":\"arn:aws:secretsmanager:eu-west-1:183631301567:secret:app-jwt-secret-M4pr6A:jwt_secret::\"}],\"systemControls\":[],\"volumesFrom\":[]}]",
            "cpu": "256",
            "enable_fault_injection": false,
            "ephemeral_storage": [],
            "execution_role_arn": "arn:aws:iam::183631301567:role/ecs-execution-role",
            "family": "backend",
            "id": "backend",
            "inference_accelerator": [],
            "ipc_mode": "",
            "memory": "512",
            "network_mode": "awsvpc",
            "pid_mode": "",
            "placement_constraints": [],
            "proxy_configuration": [],
            "requires_compatibilities": [
              "FARGATE"
            ],
            "revision": 7,
            "runtime_platform": [],
            "skip_destroy": false,
            "tags": {},
            "tags_all": {},
            "task_role_arn": "arn:aws:iam::183631301567:role/ecs-execution-role",
            "track_latest": false,
            "volume": []
          },
          "sensitive_attributes": [],
          "private": "eyJzY2hlbWFfdmVyc2lvbiI6IjEifQ==",
          "dependencies": [
            "aws_cloudwatch_log_group.backend_logs",
            "aws_db_instance.rds",
            "aws_db_proxy.rds_proxy",
            "aws_db_subnet_group.rds_subnet_group",
            "aws_iam_role.ecs_execution_role",
            "aws_iam_role.rds_proxy_role",
            "aws_secretsmanager_secret.frontend_url",
            "aws_secretsmanager_secret.jwt_secret",
            "aws_secretsmanager_secret.rds_secret",
            "aws_secretsmanager_secret_version.rds_secret_version",
            "aws_security_group.rds_proxy_sg",
            "aws_security_group.rds_sg",
            "aws_subnet.private",
            "aws_vpc.main",
            "random_password.db_password"
          ]
        }
      ]
    },
    {
      "mode": "managed",
      "type": "aws_ecs_task_definition",
      "name": "db_migrations",
      "provider": "provider[\"registry.terraform.io/hashicorp/aws\"]",
      "instances": [
        {
          "schema_version": 1,
          "attributes": {
            "arn": "arn:aws:ecs:eu-west-1:183631301567:task-definition/db-migrations:8",
            "arn_without_revision": "arn:aws:ecs:eu-west-1:183631301567:task-definition/db-migrations",
            "container_definitions": "[{\"command\":[\"sh\",\"-c\",\"  echo \\\"Running migrations directly against the database...\\\"\\n  \\n  # Loop through all .sql files in the migrations directory and execute them\\n  for sql_file in /var/www/html/migrations/*.sql; do\\n    if [ -f \\\"$sql_file\\\" ]; then\\n      echo \\\"Running migration: $sql_file\\\"\\n      mysql -h my-rds-proxy.proxy-cpoyweeca228.eu-west-1.rds.amazonaws.com -u$DB_USER -p$DB_PASSWORD $DB_NAME \u003c \\\"$sql_file\\\" \u0026\u0026 \\\\\\n      echo \\\"Migration completed: $sql_file\\\"\\n    fi\\n  done\\n  \\n  echo \\\"All migrations complete!\\\"\\n\"],\"environment\":[],\"essential\":true,\"image\":\"183631301567.dkr.ecr.eu-west-1.amazonaws.com/lamp-backend:latest\",\"logConfiguration\":{\"logDriver\":\"awslogs\",\"options\":{\"awslogs-group\":\"/ecs/prod/backend\",\"awslogs-create-group\":\"true\",\"awslogs-region\":\"eu-west-1\",\"awslogs-stream-prefix\":\"db\"}},\"mountPoints\":[],\"name\":\"migrator\",\"portMappings\":[],\"secrets\":[{\"name\":\"DB_NAME\",\"valueFrom\":\"arn:aws:secretsmanager:eu-west-1:183631301567:secret:my-rds-secret-w84Jb6:db_name::\"},{\"name\":\"DB_PASSWORD\",\"valueFrom\":\"arn:aws:secretsmanager:eu-west-1:183631301567:secret:my-rds-secret-w84Jb6:password::\"},{\"name\":\"DB_USER\",\"valueFrom\":\"arn:aws:secretsmanager:eu-west-1:183631301567:secret:my-rds-secret-w84Jb6:username::\"}],\"systemControls\":[],\"volumesFrom\":[]}]",
            "cpu": "256",
            "enable_fault_injection": false,
            "ephemeral_storage": [],
            "execution_role_arn": "arn:aws:iam::183631301567:role/ecs-execution-role",
            "family": "db-migrations",
            "id": "db-migrations",
            "inference_accelerator": [],
            "ipc_mode": "",
            "memory": "512",
            "network_mode": "awsvpc",
            "pid_mode": "",
            "placement_constraints": [],
            "proxy_configuration": [],
            "requires_compatibilities": [
              "FARGATE"
            ],
            "revision": 8,
            "runtime_platform": [],
            "skip_destroy": false,
            "tags": null,
            "tags_all": {},
            "task_role_arn": "arn:aws:iam::183631301567:role/ecs-execution-role",
            "track_latest": false,
            "volume": []
          },
          "sensitive_attributes": [],
          "private": "eyJzY2hlbWFfdmVyc2lvbiI6IjEifQ==",
          "dependencies": [
            "aws_cloudwatch_log_group.backend_logs",
            "aws_db_instance.rds",
            "aws_db_proxy.rds_proxy",
            "aws_db_subnet_group.rds_subnet_group",
            "aws_iam_role.ecs_execution_role",
            "aws_iam_role.rds_proxy_role",
            "aws_secretsmanager_secret.rds_secret",
            "aws_secretsmanager_secret_version.rds_secret_version",
            "aws_security_group.rds_proxy_sg",
            "aws_security_group.rds_sg",
            "aws_subnet.private",
            "aws_vpc.main",
            "random_password.db_password"
          ]
        }
      ]
    },
    {
      "mode": "managed",
      "type": "aws_ecs_task_definition",
      "name": "frontend",
      "provider": "provider[\"registry.terraform.io/hashicorp/aws\"]",
      "instances": [
        {
          "schema_version": 1,
          "attributes": {
            "arn": "arn:aws:ecs:eu-west-1:183631301567:task-definition/frontend-task:4",
            "arn_without_revision": "arn:aws:ecs:eu-west-1:183631301567:task-definition/frontend-task",
            "container_definitions": "[{\"environment\":[],\"essential\":true,\"healthCheck\":{\"command\":[\"CMD-SHELL\",\"curl -f http://localhost:3000 || exit 1\"],\"interval\":15,\"retries\":3,\"startPeriod\":30,\"timeout\":5},\"image\":\"183631301567.dkr.ecr.eu-west-1.amazonaws.com/lamp-frontend:latest\",\"logConfiguration\":{\"logDriver\":\"awslogs\",\"options\":{\"awslogs-stream-prefix\":\"frontend\",\"awslogs-group\":\"/ecs/prod/frontend\",\"awslogs-create-group\":\"true\",\"awslogs-region\":\"eu-west-1\"}},\"mountPoints\":[],\"name\":\"frontend\",\"portMappings\":[{\"containerPort\":3000,\"hostPort\":3000,\"protocol\":\"tcp\"}],\"secrets\":[{\"name\":\"VITE_API_URL\",\"valueFrom\":\"arn:aws:secretsmanager:eu-west-1:183631301567:secret:frontend-url-nFoFRU:frontend_url::\"}],\"systemControls\":[],\"volumesFrom\":[]}]",
            "cpu": "256",
            "enable_fault_injection": false,
            "ephemeral_storage": [],
            "execution_role_arn": "arn:aws:iam::183631301567:role/ecs-execution-role",
            "family": "frontend-task",
            "id": "frontend-task",
            "inference_accelerator": [],
            "ipc_mode": "",
            "memory": "512",
            "network_mode": "awsvpc",
            "pid_mode": "",
            "placement_constraints": [],
            "proxy_configuration": [],
            "requires_compatibilities": [
              "FARGATE"
            ],
            "revision": 4,
            "runtime_platform": [],
            "skip_destroy": false,
            "tags": {},
            "tags_all": {},
            "task_role_arn": "arn:aws:iam::183631301567:role/ecs-execution-role",
            "track_latest": false,
            "volume": []
          },
          "sensitive_attributes": [],
          "private": "eyJzY2hlbWFfdmVyc2lvbiI6IjEifQ==",
          "dependencies": [
            "aws_cloudwatch_log_group.frontend_logs",
            "aws_iam_role.ecs_execution_role",
            "aws_secretsmanager_secret.frontend_url"
          ]
        }
      ]
    },
    {
      "mode": "managed",
      "type": "aws_eip",
      "name": "nat",
      "provider": "provider[\"registry.terraform.io/hashicorp/aws\"]",
      "instances": [
        {
          "schema_version": 0,
          "attributes": {
            "address": null,
            "allocation_id": "eipalloc-0c2b75e0b8815555b",
            "arn": "arn:aws:ec2:eu-west-1:183631301567:elastic-ip/eipalloc-0c2b75e0b8815555b",
            "associate_with_private_ip": null,
            "association_id": "eipassoc-049f470ecf1535f31",
            "carrier_ip": "",
            "customer_owned_ip": "",
            "customer_owned_ipv4_pool": "",
            "domain": "vpc",
            "id": "eipalloc-0c2b75e0b8815555b",
            "instance": "",
            "ipam_pool_id": null,
            "network_border_group": "eu-west-1",
            "network_interface": "eni-0c806d44d3bd787db",
            "private_dns": "ip-10-0-0-8.eu-west-1.compute.internal",
            "private_ip": "10.0.0.8",
            "ptr_record": "",
            "public_dns": "ec2-54-171-66-229.eu-west-1.compute.amazonaws.com",
            "public_ip": "54.171.66.229",
            "public_ipv4_pool": "amazon",
            "tags": {},
            "tags_all": {},
            "timeouts": null,
            "vpc": true
          },
          "sensitive_attributes": [],
          "private": "eyJlMmJmYjczMC1lY2FhLTExZTYtOGY4OC0zNDM2M2JjN2M0YzAiOnsiZGVsZXRlIjoxODAwMDAwMDAwMDAsInJlYWQiOjkwMDAwMDAwMDAwMCwidXBkYXRlIjozMDAwMDAwMDAwMDB9fQ=="
        }
      ]
    },
    {
      "mode": "managed",
      "type": "aws_iam_role",
      "name": "ecs_execution_role",
      "provider": "provider[\"registry.terraform.io/hashicorp/aws\"]",
      "instances": [
        {
          "schema_version": 0,
          "attributes": {
            "arn": "arn:aws:iam::183631301567:role/ecs-execution-role",
            "assume_role_policy": "{\"Statement\":[{\"Action\":\"sts:AssumeRole\",\"Effect\":\"Allow\",\"Principal\":{\"Service\":\"ecs-tasks.amazonaws.com\"}}],\"Version\":\"2012-10-17\"}",
            "create_date": "2025-03-31T17:47:40Z",
            "description": "",
            "force_detach_policies": false,
            "id": "ecs-execution-role",
            "inline_policy": [
              {
                "name": "ecs-elb-registration",
                "policy": "{\"Version\":\"2012-10-17\",\"Statement\":[{\"Action\":[\"elasticloadbalancing:RegisterTargets\",\"elasticloadbalancing:DeregisterTargets\",\"elasticloadbalancing:DescribeTargetGroups\"],\"Effect\":\"Allow\",\"Resource\":\"*\"}]}"
              },
              {
                "name": "ecs-exec-policy",
                "policy": "{\"Version\":\"2012-10-17\",\"Statement\":[{\"Action\":[\"ssmmessages:CreateControlChannel\",\"ssmmessages:CreateDataChannel\",\"ssmmessages:OpenControlChannel\",\"ssmmessages:OpenDataChannel\"],\"Effect\":\"Allow\",\"Resource\":\"*\"}]}"
              },
              {
                "name": "ecs-secrets-access",
                "policy": "{\"Version\":\"2012-10-17\",\"Statement\":[{\"Action\":[\"secretsmanager:GetSecretValue\",\"secretsmanager:DescribeSecret\"],\"Effect\":\"Allow\",\"Resource\":[\"arn:aws:secretsmanager:eu-west-1:183631301567:secret:my-rds-secret-w84Jb6\",\"arn:aws:secretsmanager:eu-west-1:183631301567:secret:app-jwt-secret-M4pr6A\",\"arn:aws:secretsmanager:eu-west-1:183631301567:secret:frontend-url-nFoFRU\"]},{\"Action\":[\"kms:Decrypt\"],\"Effect\":\"Allow\",\"Resource\":[\"*\"]}]}"
              },
              {
                "name": "ecs-service-policy",
                "policy": "{\"Version\":\"2012-10-17\",\"Statement\":[{\"Action\":[\"elasticloadbalancing:DeregisterInstancesFromLoadBalancer\",\"elasticloadbalancing:DeregisterTargets\",\"elasticloadbalancing:Describe*\",\"elasticloadbalancing:RegisterInstancesWithLoadBalancer\",\"elasticloadbalancing:RegisterTargets\",\"elasticloadbalancing:DescribeTargetGroups\",\"elasticloadbalancing:DescribeTargetHealth\"],\"Effect\":\"Allow\",\"Resource\":\"*\"}]}"
              },
              {
                "name": "terraform-20250331201644262300000001",
                "policy": "{\"Version\":\"2012-10-17\",\"Statement\":[{\"Action\":[\"ecr:GetAuthorizationToken\",\"ecr:GetDownloadUrlForLayer\",\"ecr:BatchGetImage\",\"ecr:BatchCheckLayerAvailability\"],\"Effect\":\"Allow\",\"Resource\":\"*\"}]}"
              }
            ],
            "managed_policy_arns": [
              "arn:aws:iam::aws:policy/service-role/AmazonECSTaskExecutionRolePolicy"
            ],
            "max_session_duration": 3600,
            "name": "ecs-execution-role",
            "name_prefix": "",
            "path": "/",
            "permissions_boundary": "",
            "tags": {},
            "tags_all": {},
            "unique_id": "AROASVQKHJO7VJNAKIRW2"
          },
          "sensitive_attributes": [],
          "private": "bnVsbA=="
        }
      ]
    },
    {
      "mode": "managed",
      "type": "aws_iam_role",
      "name": "rds_proxy_role",
      "provider": "provider[\"registry.terraform.io/hashicorp/aws\"]",
      "instances": [
        {
          "schema_version": 0,
          "attributes": {
            "arn": "arn:aws:iam::183631301567:role/rds-proxy-role",
            "assume_role_policy": "{\"Statement\":[{\"Action\":\"sts:AssumeRole\",\"Effect\":\"Allow\",\"Principal\":{\"Service\":\"rds.amazonaws.com\"}}],\"Version\":\"2012-10-17\"}",
            "create_date": "2025-03-31T17:47:41Z",
            "description": "",
            "force_detach_policies": false,
            "id": "rds-proxy-role",
            "inline_policy": [
              {
                "name": "terraform-20250331174913318500000005",
                "policy": "{\"Version\":\"2012-10-17\",\"Statement\":[{\"Action\":[\"secretsmanager:GetSecretValue\"],\"Effect\":\"Allow\",\"Resource\":\"arn:aws:secretsmanager:eu-west-1:183631301567:secret:my-rds-secret-w84Jb6\"}]}"
              }
            ],
            "managed_policy_arns": [],
            "max_session_duration": 3600,
            "name": "rds-proxy-role",
            "name_prefix": "",
            "path": "/",
            "permissions_boundary": "",
            "tags": {},
            "tags_all": {},
            "unique_id": "AROASVQKHJO7TEA4YZTF5"
          },
          "sensitive_attributes": [],
          "private": "bnVsbA=="
        }
      ]
    },
    {
      "mode": "managed",
      "type": "aws_iam_role_policy",
      "name": "ecr_pull",
      "provider": "provider[\"registry.terraform.io/hashicorp/aws\"]",
      "instances": [
        {
          "schema_version": 0,
          "attributes": {
            "id": "ecs-execution-role:terraform-20250331201644262300000001",
            "name": "terraform-20250331201644262300000001",
            "name_prefix": "terraform-",
            "policy": "{\"Version\":\"2012-10-17\",\"Statement\":[{\"Action\":[\"ecr:GetAuthorizationToken\",\"ecr:GetDownloadUrlForLayer\",\"ecr:BatchGetImage\",\"ecr:BatchCheckLayerAvailability\"],\"Effect\":\"Allow\",\"Resource\":\"*\"}]}",
            "role": "ecs-execution-role"
          },
          "sensitive_attributes": [],
          "private": "bnVsbA==",
          "dependencies": [
            "aws_iam_role.ecs_execution_role"
          ]
        }
      ]
    },
    {
      "mode": "managed",
      "type": "aws_iam_role_policy",
      "name": "ecs_elb_registration",
      "provider": "provider[\"registry.terraform.io/hashicorp/aws\"]",
      "instances": [
        {
          "schema_version": 0,
          "attributes": {
            "id": "ecs-execution-role:ecs-elb-registration",
            "name": "ecs-elb-registration",
            "name_prefix": "",
            "policy": "{\"Version\":\"2012-10-17\",\"Statement\":[{\"Action\":[\"elasticloadbalancing:RegisterTargets\",\"elasticloadbalancing:DeregisterTargets\",\"elasticloadbalancing:DescribeTargetGroups\"],\"Effect\":\"Allow\",\"Resource\":\"*\"}]}",
            "role": "ecs-execution-role"
          },
          "sensitive_attributes": [],
          "private": "bnVsbA==",
          "dependencies": [
            "aws_iam_role.ecs_execution_role"
          ]
        }
      ]
    },
    {
      "mode": "managed",
      "type": "aws_iam_role_policy",
      "name": "ecs_exec",
      "provider": "provider[\"registry.terraform.io/hashicorp/aws\"]",
      "instances": [
        {
          "schema_version": 0,
          "attributes": {
            "id": "ecs-execution-role:ecs-exec-policy",
            "name": "ecs-exec-policy",
            "name_prefix": "",
            "policy": "{\"Version\":\"2012-10-17\",\"Statement\":[{\"Action\":[\"ssmmessages:CreateControlChannel\",\"ssmmessages:CreateDataChannel\",\"ssmmessages:OpenControlChannel\",\"ssmmessages:OpenDataChannel\"],\"Effect\":\"Allow\",\"Resource\":\"*\"}]}",
            "role": "ecs-execution-role"
          },
          "sensitive_attributes": [],
          "private": "bnVsbA==",
          "dependencies": [
            "aws_iam_role.ecs_execution_role"
          ]
        }
      ]
    },
    {
      "mode": "managed",
      "type": "aws_iam_role_policy",
      "name": "ecs_secrets_access",
      "provider": "provider[\"registry.terraform.io/hashicorp/aws\"]",
      "instances": [
        {
          "schema_version": 0,
          "attributes": {
            "id": "ecs-execution-role:ecs-secrets-access",
            "name": "ecs-secrets-access",
            "name_prefix": "",
            "policy": "{\"Version\":\"2012-10-17\",\"Statement\":[{\"Action\":[\"secretsmanager:GetSecretValue\",\"secretsmanager:DescribeSecret\"],\"Effect\":\"Allow\",\"Resource\":[\"arn:aws:secretsmanager:eu-west-1:183631301567:secret:my-rds-secret-w84Jb6\",\"arn:aws:secretsmanager:eu-west-1:183631301567:secret:app-jwt-secret-M4pr6A\",\"arn:aws:secretsmanager:eu-west-1:183631301567:secret:frontend-url-nFoFRU\"]},{\"Action\":[\"kms:Decrypt\"],\"Effect\":\"Allow\",\"Resource\":[\"*\"]}]}",
            "role": "ecs-execution-role"
          },
          "sensitive_attributes": [],
          "private": "bnVsbA==",
          "dependencies": [
            "aws_iam_role.ecs_execution_role",
            "aws_secretsmanager_secret.frontend_url",
            "aws_secretsmanager_secret.jwt_secret",
            "aws_secretsmanager_secret.rds_secret"
          ]
        }
      ]
    },
    {
      "mode": "managed",
      "type": "aws_iam_role_policy",
      "name": "ecs_service_policy",
      "provider": "provider[\"registry.terraform.io/hashicorp/aws\"]",
      "instances": [
        {
          "schema_version": 0,
          "attributes": {
            "id": "ecs-execution-role:ecs-service-policy",
            "name": "ecs-service-policy",
            "name_prefix": "",
            "policy": "{\"Version\":\"2012-10-17\",\"Statement\":[{\"Action\":[\"elasticloadbalancing:DeregisterInstancesFromLoadBalancer\",\"elasticloadbalancing:DeregisterTargets\",\"elasticloadbalancing:Describe*\",\"elasticloadbalancing:RegisterInstancesWithLoadBalancer\",\"elasticloadbalancing:RegisterTargets\",\"elasticloadbalancing:DescribeTargetGroups\",\"elasticloadbalancing:DescribeTargetHealth\"],\"Effect\":\"Allow\",\"Resource\":\"*\"}]}",
            "role": "ecs-execution-role"
          },
          "sensitive_attributes": [],
          "private": "bnVsbA==",
          "dependencies": [
            "aws_iam_role.ecs_execution_role"
          ]
        }
      ]
    },
    {
      "mode": "managed",
      "type": "aws_iam_role_policy",
      "name": "rds_proxy_secrets",
      "provider": "provider[\"registry.terraform.io/hashicorp/aws\"]",
      "instances": [
        {
          "schema_version": 0,
          "attributes": {
            "id": "rds-proxy-role:terraform-20250331174913318500000005",
            "name": "terraform-20250331174913318500000005",
            "name_prefix": "terraform-",
            "policy": "{\"Version\":\"2012-10-17\",\"Statement\":[{\"Action\":[\"secretsmanager:GetSecretValue\"],\"Effect\":\"Allow\",\"Resource\":\"arn:aws:secretsmanager:eu-west-1:183631301567:secret:my-rds-secret-w84Jb6\"}]}",
            "role": "rds-proxy-role"
          },
          "sensitive_attributes": [],
          "private": "bnVsbA==",
          "dependencies": [
            "aws_iam_role.rds_proxy_role",
            "aws_secretsmanager_secret.rds_secret"
          ]
        }
      ]
    },
    {
      "mode": "managed",
      "type": "aws_iam_role_policy_attachment",
      "name": "ecs_execution",
      "provider": "provider[\"registry.terraform.io/hashicorp/aws\"]",
      "instances": [
        {
          "schema_version": 0,
          "attributes": {
            "id": "ecs-execution-role-20250331174742148200000004",
            "policy_arn": "arn:aws:iam::aws:policy/service-role/AmazonECSTaskExecutionRolePolicy",
            "role": "ecs-execution-role"
          },
          "sensitive_attributes": [],
          "private": "bnVsbA==",
          "dependencies": [
            "aws_iam_role.ecs_execution_role"
          ]
        }
      ]
    },
    {
      "mode": "managed",
      "type": "aws_internet_gateway",
      "name": "gw",
      "provider": "provider[\"registry.terraform.io/hashicorp/aws\"]",
      "instances": [
        {
          "schema_version": 0,
          "attributes": {
            "arn": "arn:aws:ec2:eu-west-1:183631301567:internet-gateway/igw-0fe79c239a3115428",
            "id": "igw-0fe79c239a3115428",
            "owner_id": "183631301567",
            "tags": {},
            "tags_all": {},
            "timeouts": null,
            "vpc_id": "vpc-08e361d69fd5dd418"
          },
          "sensitive_attributes": [],
          "private": "eyJlMmJmYjczMC1lY2FhLTExZTYtOGY4OC0zNDM2M2JjN2M0YzAiOnsiY3JlYXRlIjoxMjAwMDAwMDAwMDAwLCJkZWxldGUiOjEyMDAwMDAwMDAwMDAsInVwZGF0ZSI6MTIwMDAwMDAwMDAwMH19",
          "dependencies": [
            "aws_vpc.main"
          ]
        }
      ]
    },
    {
      "mode": "managed",
      "type": "aws_lb",
      "name": "app_alb",
      "provider": "provider[\"registry.terraform.io/hashicorp/aws\"]",
      "instances": [
        {
          "schema_version": 0,
          "attributes": {
            "access_logs": [
              {
                "bucket": "",
                "enabled": false,
                "prefix": ""
              }
            ],
            "arn": "arn:aws:elasticloadbalancing:eu-west-1:183631301567:loadbalancer/app/app-alb/6f79ff5c7766a1cd",
            "arn_suffix": "app/app-alb/6f79ff5c7766a1cd",
            "client_keep_alive": 3600,
            "connection_logs": [
              {
                "bucket": "",
                "enabled": false,
                "prefix": ""
              }
            ],
            "customer_owned_ipv4_pool": "",
            "desync_mitigation_mode": "defensive",
            "dns_name": "app-alb-1851802764.eu-west-1.elb.amazonaws.com",
            "dns_record_client_routing_policy": null,
            "drop_invalid_header_fields": false,
            "enable_cross_zone_load_balancing": true,
            "enable_deletion_protection": false,
            "enable_http2": true,
            "enable_tls_version_and_cipher_suite_headers": false,
            "enable_waf_fail_open": false,
            "enable_xff_client_port": false,
            "enable_zonal_shift": false,
            "enforce_security_group_inbound_rules_on_private_link_traffic": "",
            "id": "arn:aws:elasticloadbalancing:eu-west-1:183631301567:loadbalancer/app/app-alb/6f79ff5c7766a1cd",
            "idle_timeout": 60,
            "internal": false,
            "ip_address_type": "ipv4",
            "ipam_pools": [],
            "load_balancer_type": "application",
            "name": "app-alb",
            "name_prefix": "",
            "preserve_host_header": false,
            "security_groups": [
              "sg-0dc9ff8571e1c0a97"
            ],
            "subnet_mapping": [
              {
                "allocation_id": "",
                "ipv6_address": "",
                "outpost_id": "",
                "private_ipv4_address": "",
                "subnet_id": "subnet-030548a9afba25eee"
              },
              {
                "allocation_id": "",
                "ipv6_address": "",
                "outpost_id": "",
                "private_ipv4_address": "",
                "subnet_id": "subnet-03c8ac9f1975b7d7b"
              }
            ],
            "subnets": [
              "subnet-030548a9afba25eee",
              "subnet-03c8ac9f1975b7d7b"
            ],
            "tags": {},
            "tags_all": {},
            "timeouts": null,
            "vpc_id": "vpc-08e361d69fd5dd418",
            "xff_header_processing_mode": "append",
            "zone_id": "Z32O12XQLNTSW2"
          },
          "sensitive_attributes": [],
          "private": "eyJlMmJmYjczMC1lY2FhLTExZTYtOGY4OC0zNDM2M2JjN2M0YzAiOnsiY3JlYXRlIjo2MDAwMDAwMDAwMDAsImRlbGV0ZSI6NjAwMDAwMDAwMDAwLCJ1cGRhdGUiOjYwMDAwMDAwMDAwMH19",
          "dependencies": [
            "aws_security_group.alb_sg",
            "aws_subnet.public",
            "aws_vpc.main"
          ]
        }
      ]
    },
    {
      "mode": "managed",
      "type": "aws_lb_listener",
      "name": "http",
      "provider": "provider[\"registry.terraform.io/hashicorp/aws\"]",
      "instances": [
        {
          "schema_version": 0,
          "attributes": {
            "alpn_policy": null,
            "arn": "arn:aws:elasticloadbalancing:eu-west-1:183631301567:listener/app/app-alb/6f79ff5c7766a1cd/7ba8947003e6fa6c",
            "certificate_arn": null,
            "default_action": [
              {
                "authenticate_cognito": [],
                "authenticate_oidc": [],
                "fixed_response": [
                  {
                    "content_type": "text/plain",
                    "message_body": "Not Found",
                    "status_code": "404"
                  }
                ],
                "forward": [],
                "order": 1,
                "redirect": [],
                "target_group_arn": "",
                "type": "fixed-response"
              }
            ],
            "id": "arn:aws:elasticloadbalancing:eu-west-1:183631301567:listener/app/app-alb/6f79ff5c7766a1cd/7ba8947003e6fa6c",
            "load_balancer_arn": "arn:aws:elasticloadbalancing:eu-west-1:183631301567:loadbalancer/app/app-alb/6f79ff5c7766a1cd",
            "mutual_authentication": [],
            "port": 80,
            "protocol": "HTTP",
            "routing_http_request_x_amzn_mtls_clientcert_header_name": null,
            "routing_http_request_x_amzn_mtls_clientcert_issuer_header_name": null,
            "routing_http_request_x_amzn_mtls_clientcert_leaf_header_name": null,
            "routing_http_request_x_amzn_mtls_clientcert_serial_number_header_name": null,
            "routing_http_request_x_amzn_mtls_clientcert_subject_header_name": null,
            "routing_http_request_x_amzn_mtls_clientcert_validity_header_name": null,
            "routing_http_request_x_amzn_tls_cipher_suite_header_name": null,
            "routing_http_request_x_amzn_tls_version_header_name": null,
            "routing_http_response_access_control_allow_credentials_header_value": "",
            "routing_http_response_access_control_allow_headers_header_value": "",
            "routing_http_response_access_control_allow_methods_header_value": "",
            "routing_http_response_access_control_allow_origin_header_value": "",
            "routing_http_response_access_control_expose_headers_header_value": "",
            "routing_http_response_access_control_max_age_header_value": "",
            "routing_http_response_content_security_policy_header_value": "",
            "routing_http_response_server_enabled": false,
            "routing_http_response_strict_transport_security_header_value": "",
            "routing_http_response_x_content_type_options_header_value": "",
            "routing_http_response_x_frame_options_header_value": "",
            "ssl_policy": "",
            "tags": {},
            "tags_all": {},
            "tcp_idle_timeout_seconds": null,
            "timeouts": null
          },
          "sensitive_attributes": [],
          "private": "eyJlMmJmYjczMC1lY2FhLTExZTYtOGY4OC0zNDM2M2JjN2M0YzAiOnsiY3JlYXRlIjozMDAwMDAwMDAwMDAsInVwZGF0ZSI6MzAwMDAwMDAwMDAwfX0=",
          "dependencies": [
            "aws_lb.app_alb",
            "aws_security_group.alb_sg",
            "aws_subnet.public",
            "aws_vpc.main"
          ]
        }
      ]
    },
    {
      "mode": "managed",
      "type": "aws_lb_listener_rule",
      "name": "backend_rule",
      "provider": "provider[\"registry.terraform.io/hashicorp/aws\"]",
      "instances": [
        {
          "schema_version": 0,
          "attributes": {
            "action": [
              {
                "authenticate_cognito": [],
                "authenticate_oidc": [],
                "fixed_response": [],
                "forward": [],
                "order": 1,
                "redirect": [],
                "target_group_arn": "arn:aws:elasticloadbalancing:eu-west-1:183631301567:targetgroup/backend-tg/d9adda393af192fd",
                "type": "forward"
              }
            ],
            "arn": "arn:aws:elasticloadbalancing:eu-west-1:183631301567:listener-rule/app/app-alb/6f79ff5c7766a1cd/7ba8947003e6fa6c/8cfe0e93d623351e",
            "condition": [
              {
                "host_header": [],
                "http_header": [],
                "http_request_method": [],
                "path_pattern": [
                  {
                    "values": [
                      "/api*"
                    ]
                  }
                ],
                "query_string": [],
                "source_ip": []
              }
            ],
            "id": "arn:aws:elasticloadbalancing:eu-west-1:183631301567:listener-rule/app/app-alb/6f79ff5c7766a1cd/7ba8947003e6fa6c/8cfe0e93d623351e",
            "listener_arn": "arn:aws:elasticloadbalancing:eu-west-1:183631301567:listener/app/app-alb/6f79ff5c7766a1cd/7ba8947003e6fa6c",
            "priority": 100,
            "tags": {},
            "tags_all": {}
          },
          "sensitive_attributes": [],
          "private": "bnVsbA==",
          "dependencies": [
            "aws_lb.app_alb",
            "aws_lb_listener.http",
            "aws_lb_target_group.backend_tg",
            "aws_security_group.alb_sg",
            "aws_subnet.public",
            "aws_vpc.main"
          ]
        }
      ]
    },
    {
      "mode": "managed",
      "type": "aws_lb_listener_rule",
      "name": "frontend_rule",
      "provider": "provider[\"registry.terraform.io/hashicorp/aws\"]",
      "instances": [
        {
          "schema_version": 0,
          "attributes": {
            "action": [
              {
                "authenticate_cognito": [],
                "authenticate_oidc": [],
                "fixed_response": [],
                "forward": [],
                "order": 1,
                "redirect": [],
                "target_group_arn": "arn:aws:elasticloadbalancing:eu-west-1:183631301567:targetgroup/frontend-tg/d2630994df65aa91",
                "type": "forward"
              }
            ],
            "arn": "arn:aws:elasticloadbalancing:eu-west-1:183631301567:listener-rule/app/app-alb/6f79ff5c7766a1cd/7ba8947003e6fa6c/a55b6726e64b7a6a",
            "condition": [
              {
                "host_header": [],
                "http_header": [],
                "http_request_method": [],
                "path_pattern": [
                  {
                    "values": [
                      "/*"
                    ]
                  }
                ],
                "query_string": [],
                "source_ip": []
              }
            ],
            "id": "arn:aws:elasticloadbalancing:eu-west-1:183631301567:listener-rule/app/app-alb/6f79ff5c7766a1cd/7ba8947003e6fa6c/a55b6726e64b7a6a",
            "listener_arn": "arn:aws:elasticloadbalancing:eu-west-1:183631301567:listener/app/app-alb/6f79ff5c7766a1cd/7ba8947003e6fa6c",
            "priority": 200,
            "tags": {},
            "tags_all": {}
          },
          "sensitive_attributes": [],
          "private": "bnVsbA==",
          "dependencies": [
            "aws_lb.app_alb",
            "aws_lb_listener.http",
            "aws_lb_target_group.frontend_tg",
            "aws_security_group.alb_sg",
            "aws_subnet.public",
            "aws_vpc.main"
          ]
        }
      ]
    },
    {
      "mode": "managed",
      "type": "aws_lb_target_group",
      "name": "backend_tg",
      "provider": "provider[\"registry.terraform.io/hashicorp/aws\"]",
      "instances": [
        {
          "schema_version": 0,
          "attributes": {
            "arn": "arn:aws:elasticloadbalancing:eu-west-1:183631301567:targetgroup/backend-tg/d9adda393af192fd",
            "arn_suffix": "targetgroup/backend-tg/d9adda393af192fd",
            "connection_termination": null,
            "deregistration_delay": "300",
            "health_check": [
              {
                "enabled": true,
                "healthy_threshold": 2,
                "interval": 30,
                "matcher": "200-299",
                "path": "/api/v1/health",
                "port": "traffic-port",
                "protocol": "HTTP",
                "timeout": 5,
                "unhealthy_threshold": 3
              }
            ],
            "id": "arn:aws:elasticloadbalancing:eu-west-1:183631301567:targetgroup/backend-tg/d9adda393af192fd",
            "ip_address_type": "ipv4",
            "lambda_multi_value_headers_enabled": false,
            "load_balancer_arns": [
              "arn:aws:elasticloadbalancing:eu-west-1:183631301567:loadbalancer/app/app-alb/6f79ff5c7766a1cd"
            ],
            "load_balancing_algorithm_type": "round_robin",
            "load_balancing_anomaly_mitigation": "off",
            "load_balancing_cross_zone_enabled": "use_load_balancer_configuration",
            "name": "backend-tg",
            "name_prefix": "",
            "port": 80,
            "preserve_client_ip": null,
            "protocol": "HTTP",
            "protocol_version": "HTTP1",
            "proxy_protocol_v2": false,
            "slow_start": 0,
            "stickiness": [
              {
                "cookie_duration": 86400,
                "cookie_name": "",
                "enabled": false,
                "type": "lb_cookie"
              }
            ],
            "tags": {},
            "tags_all": {},
            "target_failover": [
              {
                "on_deregistration": null,
                "on_unhealthy": null
              }
            ],
            "target_group_health": [
              {
                "dns_failover": [
                  {
                    "minimum_healthy_targets_count": "1",
                    "minimum_healthy_targets_percentage": "off"
                  }
                ],
                "unhealthy_state_routing": [
                  {
                    "minimum_healthy_targets_count": 1,
                    "minimum_healthy_targets_percentage": "off"
                  }
                ]
              }
            ],
            "target_health_state": [
              {
                "enable_unhealthy_connection_termination": null,
                "unhealthy_draining_interval": null
              }
            ],
            "target_type": "ip",
            "vpc_id": "vpc-08e361d69fd5dd418"
          },
          "sensitive_attributes": [],
          "private": "bnVsbA==",
          "dependencies": [
            "aws_lb.app_alb",
            "aws_lb_listener.http",
            "aws_security_group.alb_sg",
            "aws_subnet.public",
            "aws_vpc.main"
          ]
        }
      ]
    },
    {
      "mode": "managed",
      "type": "aws_lb_target_group",
      "name": "frontend_tg",
      "provider": "provider[\"registry.terraform.io/hashicorp/aws\"]",
      "instances": [
        {
          "schema_version": 0,
          "attributes": {
            "arn": "arn:aws:elasticloadbalancing:eu-west-1:183631301567:targetgroup/frontend-tg/d2630994df65aa91",
            "arn_suffix": "targetgroup/frontend-tg/d2630994df65aa91",
            "connection_termination": null,
            "deregistration_delay": "300",
            "health_check": [
              {
                "enabled": true,
                "healthy_threshold": 2,
                "interval": 30,
                "matcher": "200-299",
                "path": "/",
                "port": "traffic-port",
                "protocol": "HTTP",
                "timeout": 5,
                "unhealthy_threshold": 3
              }
            ],
            "id": "arn:aws:elasticloadbalancing:eu-west-1:183631301567:targetgroup/frontend-tg/d2630994df65aa91",
            "ip_address_type": "ipv4",
            "lambda_multi_value_headers_enabled": false,
            "load_balancer_arns": [
              "arn:aws:elasticloadbalancing:eu-west-1:183631301567:loadbalancer/app/app-alb/6f79ff5c7766a1cd"
            ],
            "load_balancing_algorithm_type": "round_robin",
            "load_balancing_anomaly_mitigation": "off",
            "load_balancing_cross_zone_enabled": "use_load_balancer_configuration",
            "name": "frontend-tg",
            "name_prefix": "",
            "port": 3000,
            "preserve_client_ip": null,
            "protocol": "HTTP",
            "protocol_version": "HTTP1",
            "proxy_protocol_v2": false,
            "slow_start": 0,
            "stickiness": [
              {
                "cookie_duration": 86400,
                "cookie_name": "",
                "enabled": false,
                "type": "lb_cookie"
              }
            ],
            "tags": {},
            "tags_all": {},
            "target_failover": [
              {
                "on_deregistration": null,
                "on_unhealthy": null
              }
            ],
            "target_group_health": [
              {
                "dns_failover": [
                  {
                    "minimum_healthy_targets_count": "1",
                    "minimum_healthy_targets_percentage": "off"
                  }
                ],
                "unhealthy_state_routing": [
                  {
                    "minimum_healthy_targets_count": 1,
                    "minimum_healthy_targets_percentage": "off"
                  }
                ]
              }
            ],
            "target_health_state": [
              {
                "enable_unhealthy_connection_termination": null,
                "unhealthy_draining_interval": null
              }
            ],
            "target_type": "ip",
            "vpc_id": "vpc-08e361d69fd5dd418"
          },
          "sensitive_attributes": [],
          "private": "bnVsbA==",
          "dependencies": [
            "aws_lb.app_alb",
            "aws_lb_listener.http",
            "aws_security_group.alb_sg",
            "aws_subnet.public",
            "aws_vpc.main"
          ]
        }
      ]
    },
    {
      "mode": "managed",
      "type": "aws_nat_gateway",
      "name": "nat",
      "provider": "provider[\"registry.terraform.io/hashicorp/aws\"]",
      "instances": [
        {
          "schema_version": 0,
          "attributes": {
            "allocation_id": "eipalloc-0c2b75e0b8815555b",
            "association_id": "eipassoc-049f470ecf1535f31",
            "connectivity_type": "public",
            "id": "nat-0b5631667fafe7772",
            "network_interface_id": "eni-0c806d44d3bd787db",
            "private_ip": "10.0.0.8",
            "public_ip": "54.171.66.229",
            "secondary_allocation_ids": [],
            "secondary_private_ip_address_count": 0,
            "secondary_private_ip_addresses": [],
            "subnet_id": "subnet-03c8ac9f1975b7d7b",
            "tags": {},
            "tags_all": {},
            "timeouts": null
          },
          "sensitive_attributes": [],
          "private": "eyJlMmJmYjczMC1lY2FhLTExZTYtOGY4OC0zNDM2M2JjN2M0YzAiOnsiY3JlYXRlIjo2MDAwMDAwMDAwMDAsImRlbGV0ZSI6MTgwMDAwMDAwMDAwMCwidXBkYXRlIjo2MDAwMDAwMDAwMDB9fQ==",
          "dependencies": [
            "aws_eip.nat",
            "aws_subnet.public",
            "aws_vpc.main"
          ]
        }
      ]
    },
    {
      "mode": "managed",
      "type": "aws_route",
      "name": "private_nat_access",
      "provider": "provider[\"registry.terraform.io/hashicorp/aws\"]",
      "instances": [
        {
          "schema_version": 0,
          "attributes": {
            "carrier_gateway_id": "",
            "core_network_arn": "",
            "destination_cidr_block": "0.0.0.0/0",
            "destination_ipv6_cidr_block": "",
            "destination_prefix_list_id": "",
            "egress_only_gateway_id": "",
            "gateway_id": "",
            "id": "r-rtb-07761d1dade3002bd1080289494",
            "instance_id": "",
            "instance_owner_id": "",
            "local_gateway_id": "",
            "nat_gateway_id": "nat-0b5631667fafe7772",
            "network_interface_id": "",
            "origin": "CreateRoute",
            "route_table_id": "rtb-07761d1dade3002bd",
            "state": "active",
            "timeouts": null,
            "transit_gateway_id": "",
            "vpc_endpoint_id": "",
            "vpc_peering_connection_id": ""
          },
          "sensitive_attributes": [],
          "private": "eyJlMmJmYjczMC1lY2FhLTExZTYtOGY4OC0zNDM2M2JjN2M0YzAiOnsiY3JlYXRlIjozMDAwMDAwMDAwMDAsImRlbGV0ZSI6MzAwMDAwMDAwMDAwLCJ1cGRhdGUiOjEyMDAwMDAwMDAwMH19",
          "dependencies": [
            "aws_eip.nat",
            "aws_nat_gateway.nat",
            "aws_route_table.private_rt",
            "aws_subnet.public",
            "aws_vpc.main"
          ]
        }
      ]
    },
    {
      "mode": "managed",
      "type": "aws_route",
      "name": "public_internet_access",
      "provider": "provider[\"registry.terraform.io/hashicorp/aws\"]",
      "instances": [
        {
          "schema_version": 0,
          "attributes": {
            "carrier_gateway_id": "",
            "core_network_arn": "",
            "destination_cidr_block": "0.0.0.0/0",
            "destination_ipv6_cidr_block": "",
            "destination_prefix_list_id": "",
            "egress_only_gateway_id": "",
            "gateway_id": "igw-0fe79c239a3115428",
            "id": "r-rtb-04fd423fbdc1a91d51080289494",
            "instance_id": "",
            "instance_owner_id": "",
            "local_gateway_id": "",
            "nat_gateway_id": "",
            "network_interface_id": "",
            "origin": "CreateRoute",
            "route_table_id": "rtb-04fd423fbdc1a91d5",
            "state": "active",
            "timeouts": null,
            "transit_gateway_id": "",
            "vpc_endpoint_id": "",
            "vpc_peering_connection_id": ""
          },
          "sensitive_attributes": [],
          "private": "eyJlMmJmYjczMC1lY2FhLTExZTYtOGY4OC0zNDM2M2JjN2M0YzAiOnsiY3JlYXRlIjozMDAwMDAwMDAwMDAsImRlbGV0ZSI6MzAwMDAwMDAwMDAwLCJ1cGRhdGUiOjEyMDAwMDAwMDAwMH19",
          "dependencies": [
            "aws_internet_gateway.gw",
            "aws_route_table.public_rt",
            "aws_vpc.main"
          ]
        }
      ]
    },
    {
      "mode": "managed",
      "type": "aws_route_table",
      "name": "private_rt",
      "provider": "provider[\"registry.terraform.io/hashicorp/aws\"]",
      "instances": [
        {
          "schema_version": 0,
          "attributes": {
            "arn": "arn:aws:ec2:eu-west-1:183631301567:route-table/rtb-07761d1dade3002bd",
            "id": "rtb-07761d1dade3002bd",
            "owner_id": "183631301567",
            "propagating_vgws": [],
            "route": [
              {
                "carrier_gateway_id": "",
                "cidr_block": "0.0.0.0/0",
                "core_network_arn": "",
                "destination_prefix_list_id": "",
                "egress_only_gateway_id": "",
                "gateway_id": "",
                "ipv6_cidr_block": "",
                "local_gateway_id": "",
                "nat_gateway_id": "nat-0b5631667fafe7772",
                "network_interface_id": "",
                "transit_gateway_id": "",
                "vpc_endpoint_id": "",
                "vpc_peering_connection_id": ""
              }
            ],
            "tags": {},
            "tags_all": {},
            "timeouts": null,
            "vpc_id": "vpc-08e361d69fd5dd418"
          },
          "sensitive_attributes": [],
          "private": "eyJlMmJmYjczMC1lY2FhLTExZTYtOGY4OC0zNDM2M2JjN2M0YzAiOnsiY3JlYXRlIjozMDAwMDAwMDAwMDAsImRlbGV0ZSI6MzAwMDAwMDAwMDAwLCJ1cGRhdGUiOjEyMDAwMDAwMDAwMH19",
          "dependencies": [
            "aws_vpc.main"
          ]
        }
      ]
    },
    {
      "mode": "managed",
      "type": "aws_route_table",
      "name": "public_rt",
      "provider": "provider[\"registry.terraform.io/hashicorp/aws\"]",
      "instances": [
        {
          "schema_version": 0,
          "attributes": {
            "arn": "arn:aws:ec2:eu-west-1:183631301567:route-table/rtb-04fd423fbdc1a91d5",
            "id": "rtb-04fd423fbdc1a91d5",
            "owner_id": "183631301567",
            "propagating_vgws": [],
            "route": [
              {
                "carrier_gateway_id": "",
                "cidr_block": "0.0.0.0/0",
                "core_network_arn": "",
                "destination_prefix_list_id": "",
                "egress_only_gateway_id": "",
                "gateway_id": "igw-0fe79c239a3115428",
                "ipv6_cidr_block": "",
                "local_gateway_id": "",
                "nat_gateway_id": "",
                "network_interface_id": "",
                "transit_gateway_id": "",
                "vpc_endpoint_id": "",
                "vpc_peering_connection_id": ""
              }
            ],
            "tags": {},
            "tags_all": {},
            "timeouts": null,
            "vpc_id": "vpc-08e361d69fd5dd418"
          },
          "sensitive_attributes": [],
          "private": "eyJlMmJmYjczMC1lY2FhLTExZTYtOGY4OC0zNDM2M2JjN2M0YzAiOnsiY3JlYXRlIjozMDAwMDAwMDAwMDAsImRlbGV0ZSI6MzAwMDAwMDAwMDAwLCJ1cGRhdGUiOjEyMDAwMDAwMDAwMH19",
          "dependencies": [
            "aws_vpc.main"
          ]
        }
      ]
    },
    {
      "mode": "managed",
      "type": "aws_route_table_association",
      "name": "private_assoc",
      "provider": "provider[\"registry.terraform.io/hashicorp/aws\"]",
      "instances": [
        {
          "index_key": 0,
          "schema_version": 0,
          "attributes": {
            "gateway_id": "",
            "id": "rtbassoc-07a4f5db10c7eab30",
            "route_table_id": "rtb-07761d1dade3002bd",
            "subnet_id": "subnet-07a84858ed4ae4e87",
            "timeouts": null
          },
          "sensitive_attributes": [],
          "private": "eyJlMmJmYjczMC1lY2FhLTExZTYtOGY4OC0zNDM2M2JjN2M0YzAiOnsiY3JlYXRlIjozMDAwMDAwMDAwMDAsImRlbGV0ZSI6MzAwMDAwMDAwMDAwLCJ1cGRhdGUiOjEyMDAwMDAwMDAwMH19",
          "dependencies": [
            "aws_route_table.private_rt",
            "aws_subnet.private",
            "aws_vpc.main"
          ]
        },
        {
          "index_key": 1,
          "schema_version": 0,
          "attributes": {
            "gateway_id": "",
            "id": "rtbassoc-0360633469515f334",
            "route_table_id": "rtb-07761d1dade3002bd",
            "subnet_id": "subnet-06b547b2902e96bd8",
            "timeouts": null
          },
          "sensitive_attributes": [],
          "private": "eyJlMmJmYjczMC1lY2FhLTExZTYtOGY4OC0zNDM2M2JjN2M0YzAiOnsiY3JlYXRlIjozMDAwMDAwMDAwMDAsImRlbGV0ZSI6MzAwMDAwMDAwMDAwLCJ1cGRhdGUiOjEyMDAwMDAwMDAwMH19",
          "dependencies": [
            "aws_route_table.private_rt",
            "aws_subnet.private",
            "aws_vpc.main"
          ]
        }
      ]
    },
    {
      "mode": "managed",
      "type": "aws_route_table_association",
      "name": "public_assoc",
      "provider": "provider[\"registry.terraform.io/hashicorp/aws\"]",
      "instances": [
        {
          "index_key": 0,
          "schema_version": 0,
          "attributes": {
            "gateway_id": "",
            "id": "rtbassoc-0a19708f7bd850024",
            "route_table_id": "rtb-04fd423fbdc1a91d5",
            "subnet_id": "subnet-03c8ac9f1975b7d7b",
            "timeouts": null
          },
          "sensitive_attributes": [],
          "private": "eyJlMmJmYjczMC1lY2FhLTExZTYtOGY4OC0zNDM2M2JjN2M0YzAiOnsiY3JlYXRlIjozMDAwMDAwMDAwMDAsImRlbGV0ZSI6MzAwMDAwMDAwMDAwLCJ1cGRhdGUiOjEyMDAwMDAwMDAwMH19",
          "dependencies": [
            "aws_route_table.public_rt",
            "aws_subnet.public",
            "aws_vpc.main"
          ]
        },
        {
          "index_key": 1,
          "schema_version": 0,
          "attributes": {
            "gateway_id": "",
            "id": "rtbassoc-0ac7aab3f0a8a7215",
            "route_table_id": "rtb-04fd423fbdc1a91d5",
            "subnet_id": "subnet-030548a9afba25eee",
            "timeouts": null
          },
          "sensitive_attributes": [],
          "private": "eyJlMmJmYjczMC1lY2FhLTExZTYtOGY4OC0zNDM2M2JjN2M0YzAiOnsiY3JlYXRlIjozMDAwMDAwMDAwMDAsImRlbGV0ZSI6MzAwMDAwMDAwMDAwLCJ1cGRhdGUiOjEyMDAwMDAwMDAwMH19",
          "dependencies": [
            "aws_route_table.public_rt",
            "aws_subnet.public",
            "aws_vpc.main"
          ]
        }
      ]
    },
    {
      "mode": "managed",
      "type": "aws_secretsmanager_secret",
      "name": "frontend_url",
      "provider": "provider[\"registry.terraform.io/hashicorp/aws\"]",
      "instances": [
        {
          "schema_version": 0,
          "attributes": {
            "arn": "arn:aws:secretsmanager:eu-west-1:183631301567:secret:frontend-url-nFoFRU",
            "description": "",
            "force_overwrite_replica_secret": false,
            "id": "arn:aws:secretsmanager:eu-west-1:183631301567:secret:frontend-url-nFoFRU",
            "kms_key_id": "",
            "name": "frontend-url",
            "name_prefix": "",
            "policy": "",
            "recovery_window_in_days": 30,
            "replica": [],
            "tags": {},
            "tags_all": {}
          },
          "sensitive_attributes": [],
          "private": "bnVsbA=="
        }
      ]
    },
    {
      "mode": "managed",
      "type": "aws_secretsmanager_secret",
      "name": "jwt_secret",
      "provider": "provider[\"registry.terraform.io/hashicorp/aws\"]",
      "instances": [
        {
          "schema_version": 0,
          "attributes": {
            "arn": "arn:aws:secretsmanager:eu-west-1:183631301567:secret:app-jwt-secret-M4pr6A",
            "description": "",
            "force_overwrite_replica_secret": false,
            "id": "arn:aws:secretsmanager:eu-west-1:183631301567:secret:app-jwt-secret-M4pr6A",
            "kms_key_id": "",
            "name": "app-jwt-secret",
            "name_prefix": "",
            "policy": "",
            "recovery_window_in_days": 30,
            "replica": [],
            "tags": {},
            "tags_all": {}
          },
          "sensitive_attributes": [],
          "private": "bnVsbA=="
        }
      ]
    },
    {
      "mode": "managed",
      "type": "aws_secretsmanager_secret",
      "name": "rds_secret",
      "provider": "provider[\"registry.terraform.io/hashicorp/aws\"]",
      "instances": [
        {
          "schema_version": 0,
          "attributes": {
            "arn": "arn:aws:secretsmanager:eu-west-1:183631301567:secret:my-rds-secret-w84Jb6",
            "description": "Credentials for RDS database",
            "force_overwrite_replica_secret": false,
            "id": "arn:aws:secretsmanager:eu-west-1:183631301567:secret:my-rds-secret-w84Jb6",
            "kms_key_id": "",
            "name": "my-rds-secret",
            "name_prefix": "",
            "policy": "",
            "recovery_window_in_days": 0,
            "replica": [],
            "tags": {},
            "tags_all": {}
          },
          "sensitive_attributes": [],
          "private": "bnVsbA=="
        }
      ]
    },
    {
      "mode": "managed",
      "type": "aws_secretsmanager_secret_version",
      "name": "frontend_url_version",
      "provider": "provider[\"registry.terraform.io/hashicorp/aws\"]",
      "instances": [
        {
          "schema_version": 0,
          "attributes": {
            "arn": "arn:aws:secretsmanager:eu-west-1:183631301567:secret:frontend-url-nFoFRU",
            "has_secret_string_wo": null,
            "id": "arn:aws:secretsmanager:eu-west-1:183631301567:secret:frontend-url-nFoFRU|terraform-20250401002212848700000001",
            "secret_binary": "",
            "secret_id": "arn:aws:secretsmanager:eu-west-1:183631301567:secret:frontend-url-nFoFRU",
            "secret_string": "{\"frontend_url\":\"http://app-alb-1851802764.eu-west-1.elb.amazonaws.com/api/v1\"}",
            "secret_string_wo": null,
            "secret_string_wo_version": null,
            "version_id": "terraform-20250401002212848700000001",
            "version_stages": [
              "AWSCURRENT"
            ]
          },
          "sensitive_attributes": [
            [
              {
                "type": "get_attr",
                "value": "secret_string_wo"
              }
            ],
            [
              {
                "type": "get_attr",
                "value": "secret_string"
              }
            ],
            [
              {
                "type": "get_attr",
                "value": "secret_binary"
              }
            ]
          ],
          "private": "bnVsbA==",
          "dependencies": [
            "aws_lb.app_alb",
            "aws_secretsmanager_secret.frontend_url",
            "aws_security_group.alb_sg",
            "aws_subnet.public",
            "aws_vpc.main"
          ]
        }
      ]
    },
    {
      "mode": "managed",
      "type": "aws_secretsmanager_secret_version",
      "name": "jwt_secret_version",
      "provider": "provider[\"registry.terraform.io/hashicorp/aws\"]",
      "instances": [
        {
          "schema_version": 0,
          "attributes": {
            "arn": "arn:aws:secretsmanager:eu-west-1:183631301567:secret:app-jwt-secret-M4pr6A",
            "has_secret_string_wo": null,
            "id": "arn:aws:secretsmanager:eu-west-1:183631301567:secret:app-jwt-secret-M4pr6A|terraform-20250331174913324400000006",
            "secret_binary": "",
            "secret_id": "arn:aws:secretsmanager:eu-west-1:183631301567:secret:app-jwt-secret-M4pr6A",
            "secret_string": "{\"jwt_secret\":\"EhT4TavhloBf62ZwX94Rkxo45Ay1I9YZngqNWbVBP6gvG8Hwy0d8UGOOAwgVeang\"}",
            "secret_string_wo": null,
            "secret_string_wo_version": null,
            "version_id": "terraform-20250331174913324400000006",
            "version_stages": [
              "AWSCURRENT"
            ]
          },
          "sensitive_attributes": [
            [
              {
                "type": "get_attr",
                "value": "secret_string"
              }
            ],
            [
              {
                "type": "get_attr",
                "value": "secret_binary"
              }
            ],
            [
              {
                "type": "get_attr",
                "value": "secret_string_wo"
              }
            ]
          ],
          "private": "bnVsbA==",
          "dependencies": [
            "aws_secretsmanager_secret.jwt_secret",
            "random_password.jwt"
          ]
        }
      ]
    },
    {
      "mode": "managed",
      "type": "aws_secretsmanager_secret_version",
      "name": "rds_host_version",
      "provider": "provider[\"registry.terraform.io/hashicorp/aws\"]",
      "instances": [
        {
          "schema_version": 0,
          "attributes": {
            "arn": "arn:aws:secretsmanager:eu-west-1:183631301567:secret:my-rds-secret-w84Jb6",
            "has_secret_string_wo": null,
            "id": "arn:aws:secretsmanager:eu-west-1:183631301567:secret:my-rds-secret-w84Jb6|terraform-20250331175735964200000011",
            "secret_binary": "",
            "secret_id": "arn:aws:secretsmanager:eu-west-1:183631301567:secret:my-rds-secret-w84Jb6",
            "secret_string": "{\"db_name\":\"mydatabase\",\"host\":\"my-rds-db.cpoyweeca228.eu-west-1.rds.amazonaws.com\",\"password\":\"f\\u003cv)otfBgDh{5vM3\",\"username\":\"admin\"}",
            "secret_string_wo": null,
            "secret_string_wo_version": null,
            "version_id": "terraform-20250331175735964200000011",
            "version_stages": [
              "AWSCURRENT"
            ]
          },
          "sensitive_attributes": [
            [
              {
                "type": "get_attr",
                "value": "secret_string"
              }
            ],
            [
              {
                "type": "get_attr",
                "value": "secret_binary"
              }
            ],
            [
              {
                "type": "get_attr",
                "value": "secret_string_wo"
              }
            ]
          ],
          "private": "bnVsbA==",
          "dependencies": [
            "aws_db_instance.rds",
            "aws_db_subnet_group.rds_subnet_group",
            "aws_secretsmanager_secret.rds_secret",
            "aws_secretsmanager_secret_version.rds_secret_version",
            "aws_security_group.rds_proxy_sg",
            "aws_security_group.rds_sg",
            "aws_subnet.private",
            "aws_vpc.main",
            "random_password.db_password"
          ]
        }
      ]
    },
    {
      "mode": "managed",
      "type": "aws_secretsmanager_secret_version",
      "name": "rds_secret_version",
      "provider": "provider[\"registry.terraform.io/hashicorp/aws\"]",
      "instances": [
        {
          "schema_version": 0,
          "attributes": {
            "arn": "arn:aws:secretsmanager:eu-west-1:183631301567:secret:my-rds-secret-w84Jb6",
            "has_secret_string_wo": null,
            "id": "arn:aws:secretsmanager:eu-west-1:183631301567:secret:my-rds-secret-w84Jb6|terraform-20250331174913318500000004",
            "secret_binary": "",
            "secret_id": "arn:aws:secretsmanager:eu-west-1:183631301567:secret:my-rds-secret-w84Jb6",
            "secret_string": "{\"db_name\":\"mydatabase\",\"password\":\"f\\u003cv)otfBgDh{5vM3\",\"username\":\"admin\"}",
            "secret_string_wo": null,
            "secret_string_wo_version": null,
            "version_id": "terraform-20250331174913318500000004",
            "version_stages": [
              "AWSPREVIOUS"
            ]
          },
          "sensitive_attributes": [
            [
              {
                "type": "get_attr",
                "value": "secret_string"
              }
            ],
            [
              {
                "type": "get_attr",
                "value": "secret_string_wo"
              }
            ],
            [
              {
                "type": "get_attr",
                "value": "secret_binary"
              }
            ]
          ],
          "private": "bnVsbA==",
          "dependencies": [
            "aws_secretsmanager_secret.rds_secret",
            "random_password.db_password"
          ]
        }
      ]
    },
    {
      "mode": "managed",
      "type": "aws_security_group",
      "name": "alb_sg",
      "provider": "provider[\"registry.terraform.io/hashicorp/aws\"]",
      "instances": [
        {
          "schema_version": 1,
          "attributes": {
            "arn": "arn:aws:ec2:eu-west-1:183631301567:security-group/sg-0dc9ff8571e1c0a97",
            "description": "Managed by Terraform",
            "egress": [
              {
                "cidr_blocks": [
                  "0.0.0.0/0"
                ],
                "description": "",
                "from_port": 0,
                "ipv6_cidr_blocks": [],
                "prefix_list_ids": [],
                "protocol": "-1",
                "security_groups": [],
                "self": false,
                "to_port": 0
              }
            ],
            "id": "sg-0dc9ff8571e1c0a97",
            "ingress": [
              {
                "cidr_blocks": [
                  "0.0.0.0/0"
                ],
                "description": "",
                "from_port": 80,
                "ipv6_cidr_blocks": [],
                "prefix_list_ids": [],
                "protocol": "tcp",
                "security_groups": [],
                "self": false,
                "to_port": 80
              }
            ],
            "name": "terraform-2025033117491526380000000a",
            "name_prefix": "terraform-",
            "owner_id": "183631301567",
            "revoke_rules_on_delete": false,
            "tags": {},
            "tags_all": {},
            "timeouts": null,
            "vpc_id": "vpc-08e361d69fd5dd418"
          },
          "sensitive_attributes": [],
          "private": "eyJlMmJmYjczMC1lY2FhLTExZTYtOGY4OC0zNDM2M2JjN2M0YzAiOnsiY3JlYXRlIjo2MDAwMDAwMDAwMDAsImRlbGV0ZSI6OTAwMDAwMDAwMDAwfSwic2NoZW1hX3ZlcnNpb24iOiIxIn0=",
          "dependencies": [
            "aws_vpc.main"
          ]
        }
      ]
    },
    {
      "mode": "managed",
      "type": "aws_security_group",
      "name": "ecs_sg",
      "provider": "provider[\"registry.terraform.io/hashicorp/aws\"]",
      "instances": [
        {
          "schema_version": 1,
          "attributes": {
            "arn": "arn:aws:ec2:eu-west-1:183631301567:security-group/sg-08e977673f0f367fb",
            "description": "Managed by Terraform",
            "egress": [
              {
                "cidr_blocks": [
                  "0.0.0.0/0"
                ],
                "description": "",
                "from_port": 0,
                "ipv6_cidr_blocks": [],
                "prefix_list_ids": [],
                "protocol": "-1",
                "security_groups": [],
                "self": false,
                "to_port": 0
              }
            ],
            "id": "sg-08e977673f0f367fb",
            "ingress": [
              {
                "cidr_blocks": [],
                "description": "",
                "from_port": 3000,
                "ipv6_cidr_blocks": [],
                "prefix_list_ids": [],
                "protocol": "tcp",
                "security_groups": [
                  "sg-0dc9ff8571e1c0a97"
                ],
                "self": false,
                "to_port": 3000
              },
              {
                "cidr_blocks": [],
                "description": "",
                "from_port": 80,
                "ipv6_cidr_blocks": [],
                "prefix_list_ids": [],
                "protocol": "tcp",
                "security_groups": [
                  "sg-0dc9ff8571e1c0a97"
                ],
                "self": false,
                "to_port": 80
              }
            ],
            "name": "terraform-2025033117491946230000000d",
            "name_prefix": "terraform-",
            "owner_id": "183631301567",
            "revoke_rules_on_delete": false,
            "tags": {},
            "tags_all": {},
            "timeouts": null,
            "vpc_id": "vpc-08e361d69fd5dd418"
          },
          "sensitive_attributes": [],
          "private": "eyJlMmJmYjczMC1lY2FhLTExZTYtOGY4OC0zNDM2M2JjN2M0YzAiOnsiY3JlYXRlIjo2MDAwMDAwMDAwMDAsImRlbGV0ZSI6OTAwMDAwMDAwMDAwfSwic2NoZW1hX3ZlcnNpb24iOiIxIn0=",
          "dependencies": [
            "aws_security_group.alb_sg",
            "aws_vpc.main"
          ]
        }
      ]
    },
    {
      "mode": "managed",
      "type": "aws_security_group",
      "name": "rds_proxy_sg",
      "provider": "provider[\"registry.terraform.io/hashicorp/aws\"]",
      "instances": [
        {
          "schema_version": 1,
          "attributes": {
            "arn": "arn:aws:ec2:eu-west-1:183631301567:security-group/sg-07328d68fd3a20dac",
            "description": "Managed by Terraform",
            "egress": [
              {
                "cidr_blocks": [
                  "0.0.0.0/0"
                ],
                "description": "",
                "from_port": 0,
                "ipv6_cidr_blocks": [],
                "prefix_list_ids": [],
                "protocol": "-1",
                "security_groups": [],
                "self": false,
                "to_port": 0
              }
            ],
            "id": "sg-07328d68fd3a20dac",
            "ingress": [
              {
                "cidr_blocks": [],
                "description": "",
                "from_port": 3306,
                "ipv6_cidr_blocks": [],
                "prefix_list_ids": [],
                "protocol": "tcp",
                "security_groups": [
                  "sg-08e977673f0f367fb"
                ],
                "self": false,
                "to_port": 3306
              }
            ],
            "name": "terraform-20250331174915261800000009",
            "name_prefix": "terraform-",
            "owner_id": "183631301567",
            "revoke_rules_on_delete": false,
            "tags": {},
            "tags_all": {},
            "timeouts": null,
            "vpc_id": "vpc-08e361d69fd5dd418"
          },
          "sensitive_attributes": [],
          "private": "eyJlMmJmYjczMC1lY2FhLTExZTYtOGY4OC0zNDM2M2JjN2M0YzAiOnsiY3JlYXRlIjo2MDAwMDAwMDAwMDAsImRlbGV0ZSI6OTAwMDAwMDAwMDAwfSwic2NoZW1hX3ZlcnNpb24iOiIxIn0=",
          "dependencies": [
            "aws_vpc.main"
          ]
        }
      ]
    },
    {
      "mode": "managed",
      "type": "aws_security_group",
      "name": "rds_sg",
      "provider": "provider[\"registry.terraform.io/hashicorp/aws\"]",
      "instances": [
        {
          "schema_version": 1,
          "attributes": {
            "arn": "arn:aws:ec2:eu-west-1:183631301567:security-group/sg-008c5551150e1e295",
            "description": "Managed by Terraform",
            "egress": [
              {
                "cidr_blocks": [
                  "0.0.0.0/0"
                ],
                "description": "",
                "from_port": 0,
                "ipv6_cidr_blocks": [],
                "prefix_list_ids": [],
                "protocol": "-1",
                "security_groups": [],
                "self": false,
                "to_port": 0
              }
            ],
            "id": "sg-008c5551150e1e295",
            "ingress": [
              {
                "cidr_blocks": [],
                "description": "",
                "from_port": 3306,
                "ipv6_cidr_blocks": [],
                "prefix_list_ids": [],
                "protocol": "tcp",
                "security_groups": [
                  "sg-07328d68fd3a20dac"
                ],
                "self": false,
                "to_port": 3306
              }
            ],
            "name": "terraform-2025033117491883060000000c",
            "name_prefix": "terraform-",
            "owner_id": "183631301567",
            "revoke_rules_on_delete": false,
            "tags": {},
            "tags_all": {},
            "timeouts": null,
            "vpc_id": "vpc-08e361d69fd5dd418"
          },
          "sensitive_attributes": [],
          "private": "eyJlMmJmYjczMC1lY2FhLTExZTYtOGY4OC0zNDM2M2JjN2M0YzAiOnsiY3JlYXRlIjo2MDAwMDAwMDAwMDAsImRlbGV0ZSI6OTAwMDAwMDAwMDAwfSwic2NoZW1hX3ZlcnNpb24iOiIxIn0=",
          "dependencies": [
            "aws_security_group.rds_proxy_sg",
            "aws_vpc.main"
          ]
        }
      ]
    },
    {
      "mode": "managed",
      "type": "aws_security_group_rule",
      "name": "ecs_to_rds_proxy",
      "provider": "provider[\"registry.terraform.io/hashicorp/aws\"]",
      "instances": [
        {
          "schema_version": 2,
          "attributes": {
            "cidr_blocks": null,
            "description": null,
            "from_port": 3306,
            "id": "sgrule-1646894365",
            "ipv6_cidr_blocks": null,
            "prefix_list_ids": null,
            "protocol": "tcp",
            "security_group_id": "sg-07328d68fd3a20dac",
            "security_group_rule_id": "sgr-0520727d4ec5ec589",
            "self": false,
            "source_security_group_id": "sg-08e977673f0f367fb",
            "timeouts": null,
            "to_port": 3306,
            "type": "ingress"
          },
          "sensitive_attributes": [],
          "private": "eyJlMmJmYjczMC1lY2FhLTExZTYtOGY4OC0zNDM2M2JjN2M0YzAiOnsiY3JlYXRlIjozMDAwMDAwMDAwMDB9LCJzY2hlbWFfdmVyc2lvbiI6IjIifQ==",
          "dependencies": [
            "aws_security_group.alb_sg",
            "aws_security_group.ecs_sg",
            "aws_security_group.rds_proxy_sg",
            "aws_vpc.main"
          ]
        }
      ]
    },
    {
      "mode": "managed",
      "type": "aws_subnet",
      "name": "private",
      "provider": "provider[\"registry.terraform.io/hashicorp/aws\"]",
      "instances": [
        {
          "index_key": 0,
          "schema_version": 1,
          "attributes": {
            "arn": "arn:aws:ec2:eu-west-1:183631301567:subnet/subnet-07a84858ed4ae4e87",
            "assign_ipv6_address_on_creation": false,
            "availability_zone": "eu-west-1a",
            "availability_zone_id": "euw1-az1",
            "cidr_block": "10.0.2.0/24",
            "customer_owned_ipv4_pool": "",
            "enable_dns64": false,
            "enable_lni_at_device_index": 0,
            "enable_resource_name_dns_a_record_on_launch": false,
            "enable_resource_name_dns_aaaa_record_on_launch": false,
            "id": "subnet-07a84858ed4ae4e87",
            "ipv6_cidr_block": "",
            "ipv6_cidr_block_association_id": "",
            "ipv6_native": false,
            "map_customer_owned_ip_on_launch": false,
            "map_public_ip_on_launch": false,
            "outpost_arn": "",
            "owner_id": "183631301567",
            "private_dns_hostname_type_on_launch": "ip-name",
            "tags": {},
            "tags_all": {},
            "timeouts": null,
            "vpc_id": "vpc-08e361d69fd5dd418"
          },
          "sensitive_attributes": [],
          "private": "eyJlMmJmYjczMC1lY2FhLTExZTYtOGY4OC0zNDM2M2JjN2M0YzAiOnsiY3JlYXRlIjo2MDAwMDAwMDAwMDAsImRlbGV0ZSI6MTIwMDAwMDAwMDAwMH0sInNjaGVtYV92ZXJzaW9uIjoiMSJ9",
          "dependencies": [
            "aws_vpc.main"
          ]
        },
        {
          "index_key": 1,
          "schema_version": 1,
          "attributes": {
            "arn": "arn:aws:ec2:eu-west-1:183631301567:subnet/subnet-06b547b2902e96bd8",
            "assign_ipv6_address_on_creation": false,
            "availability_zone": "eu-west-1b",
            "availability_zone_id": "euw1-az2",
            "cidr_block": "10.0.3.0/24",
            "customer_owned_ipv4_pool": "",
            "enable_dns64": false,
            "enable_lni_at_device_index": 0,
            "enable_resource_name_dns_a_record_on_launch": false,
            "enable_resource_name_dns_aaaa_record_on_launch": false,
            "id": "subnet-06b547b2902e96bd8",
            "ipv6_cidr_block": "",
            "ipv6_cidr_block_association_id": "",
            "ipv6_native": false,
            "map_customer_owned_ip_on_launch": false,
            "map_public_ip_on_launch": false,
            "outpost_arn": "",
            "owner_id": "183631301567",
            "private_dns_hostname_type_on_launch": "ip-name",
            "tags": {},
            "tags_all": {},
            "timeouts": null,
            "vpc_id": "vpc-08e361d69fd5dd418"
          },
          "sensitive_attributes": [],
          "private": "eyJlMmJmYjczMC1lY2FhLTExZTYtOGY4OC0zNDM2M2JjN2M0YzAiOnsiY3JlYXRlIjo2MDAwMDAwMDAwMDAsImRlbGV0ZSI6MTIwMDAwMDAwMDAwMH0sInNjaGVtYV92ZXJzaW9uIjoiMSJ9",
          "dependencies": [
            "aws_vpc.main"
          ]
        }
      ]
    },
    {
      "mode": "managed",
      "type": "aws_subnet",
      "name": "public",
      "provider": "provider[\"registry.terraform.io/hashicorp/aws\"]",
      "instances": [
        {
          "index_key": 0,
          "schema_version": 1,
          "attributes": {
            "arn": "arn:aws:ec2:eu-west-1:183631301567:subnet/subnet-03c8ac9f1975b7d7b",
            "assign_ipv6_address_on_creation": false,
            "availability_zone": "eu-west-1a",
            "availability_zone_id": "euw1-az1",
            "cidr_block": "10.0.0.0/24",
            "customer_owned_ipv4_pool": "",
            "enable_dns64": false,
            "enable_lni_at_device_index": 0,
            "enable_resource_name_dns_a_record_on_launch": false,
            "enable_resource_name_dns_aaaa_record_on_launch": false,
            "id": "subnet-03c8ac9f1975b7d7b",
            "ipv6_cidr_block": "",
            "ipv6_cidr_block_association_id": "",
            "ipv6_native": false,
            "map_customer_owned_ip_on_launch": false,
            "map_public_ip_on_launch": false,
            "outpost_arn": "",
            "owner_id": "183631301567",
            "private_dns_hostname_type_on_launch": "ip-name",
            "tags": {},
            "tags_all": {},
            "timeouts": null,
            "vpc_id": "vpc-08e361d69fd5dd418"
          },
          "sensitive_attributes": [],
          "private": "eyJlMmJmYjczMC1lY2FhLTExZTYtOGY4OC0zNDM2M2JjN2M0YzAiOnsiY3JlYXRlIjo2MDAwMDAwMDAwMDAsImRlbGV0ZSI6MTIwMDAwMDAwMDAwMH0sInNjaGVtYV92ZXJzaW9uIjoiMSJ9",
          "dependencies": [
            "aws_vpc.main"
          ]
        },
        {
          "index_key": 1,
          "schema_version": 1,
          "attributes": {
            "arn": "arn:aws:ec2:eu-west-1:183631301567:subnet/subnet-030548a9afba25eee",
            "assign_ipv6_address_on_creation": false,
            "availability_zone": "eu-west-1b",
            "availability_zone_id": "euw1-az2",
            "cidr_block": "10.0.1.0/24",
            "customer_owned_ipv4_pool": "",
            "enable_dns64": false,
            "enable_lni_at_device_index": 0,
            "enable_resource_name_dns_a_record_on_launch": false,
            "enable_resource_name_dns_aaaa_record_on_launch": false,
            "id": "subnet-030548a9afba25eee",
            "ipv6_cidr_block": "",
            "ipv6_cidr_block_association_id": "",
            "ipv6_native": false,
            "map_customer_owned_ip_on_launch": false,
            "map_public_ip_on_launch": false,
            "outpost_arn": "",
            "owner_id": "183631301567",
            "private_dns_hostname_type_on_launch": "ip-name",
            "tags": {},
            "tags_all": {},
            "timeouts": null,
            "vpc_id": "vpc-08e361d69fd5dd418"
          },
          "sensitive_attributes": [],
          "private": "eyJlMmJmYjczMC1lY2FhLTExZTYtOGY4OC0zNDM2M2JjN2M0YzAiOnsiY3JlYXRlIjo2MDAwMDAwMDAwMDAsImRlbGV0ZSI6MTIwMDAwMDAwMDAwMH0sInNjaGVtYV92ZXJzaW9uIjoiMSJ9",
          "dependencies": [
            "aws_vpc.main"
          ]
        }
      ]
    },
    {
      "mode": "managed",
      "type": "aws_vpc",
      "name": "main",
      "provider": "provider[\"registry.terraform.io/hashicorp/aws\"]",
      "instances": [
        {
          "schema_version": 1,
          "attributes": {
            "arn": "arn:aws:ec2:eu-west-1:183631301567:vpc/vpc-08e361d69fd5dd418",
            "assign_generated_ipv6_cidr_block": false,
            "cidr_block": "10.0.0.0/16",
            "default_network_acl_id": "acl-036ac61d3b1cac00b",
            "default_route_table_id": "rtb-0aa2481ab48c82d63",
            "default_security_group_id": "sg-00faaf424f2fe818b",
            "dhcp_options_id": "dopt-09dab367c7cebba84",
            "enable_dns_hostnames": false,
            "enable_dns_support": true,
            "enable_network_address_usage_metrics": false,
            "id": "vpc-08e361d69fd5dd418",
            "instance_tenancy": "default",
            "ipv4_ipam_pool_id": null,
            "ipv4_netmask_length": null,
            "ipv6_association_id": "",
            "ipv6_cidr_block": "",
            "ipv6_cidr_block_network_border_group": "",
            "ipv6_ipam_pool_id": "",
            "ipv6_netmask_length": 0,
            "main_route_table_id": "rtb-0aa2481ab48c82d63",
            "owner_id": "183631301567",
            "tags": {},
            "tags_all": {}
          },
          "sensitive_attributes": [],
          "private": "eyJzY2hlbWFfdmVyc2lvbiI6IjEifQ=="
        }
      ]
    },
    {
      "mode": "managed",
      "type": "aws_vpc_endpoint",
      "name": "ecr",
      "provider": "provider[\"registry.terraform.io/hashicorp/aws\"]",
      "instances": [
        {
          "schema_version": 0,
          "attributes": {
            "arn": "arn:aws:ec2:eu-west-1:183631301567:vpc-endpoint/vpce-0503bf8e3e210bc1c",
            "auto_accept": null,
            "cidr_blocks": [],
            "dns_entry": [
              {
                "dns_name": "vpce-0503bf8e3e210bc1c-huvgv73d.dkr.ecr.eu-west-1.vpce.amazonaws.com",
                "hosted_zone_id": "Z38GZ743OKFT7T"
              },
              {
                "dns_name": "vpce-0503bf8e3e210bc1c-huvgv73d-eu-west-1a.dkr.ecr.eu-west-1.vpce.amazonaws.com",
                "hosted_zone_id": "Z38GZ743OKFT7T"
              },
              {
                "dns_name": "vpce-0503bf8e3e210bc1c-huvgv73d-eu-west-1b.dkr.ecr.eu-west-1.vpce.amazonaws.com",
                "hosted_zone_id": "Z38GZ743OKFT7T"
              }
            ],
            "dns_options": [
              {
                "dns_record_ip_type": "ipv4",
                "private_dns_only_for_inbound_resolver_endpoint": false
              }
            ],
            "id": "vpce-0503bf8e3e210bc1c",
            "ip_address_type": "ipv4",
            "network_interface_ids": [
              "eni-03a4174925b76b98a",
              "eni-0e9c39fa77dec925c"
            ],
            "owner_id": "183631301567",
            "policy": "{\"Statement\":[{\"Action\":\"*\",\"Effect\":\"Allow\",\"Principal\":\"*\",\"Resource\":\"*\"}]}",
            "prefix_list_id": null,
            "private_dns_enabled": false,
            "requester_managed": false,
            "resource_configuration_arn": "",
            "route_table_ids": [],
            "security_group_ids": [
              "sg-08e977673f0f367fb"
            ],
            "service_name": "com.amazonaws.eu-west-1.ecr.dkr",
            "service_network_arn": "",
            "service_region": "eu-west-1",
            "state": "available",
            "subnet_configuration": [
              {
                "ipv4": "10.0.2.239",
                "ipv6": "",
                "subnet_id": "subnet-07a84858ed4ae4e87"
              },
              {
                "ipv4": "10.0.3.27",
                "ipv6": "",
                "subnet_id": "subnet-06b547b2902e96bd8"
              }
            ],
            "subnet_ids": [
              "subnet-06b547b2902e96bd8",
              "subnet-07a84858ed4ae4e87"
            ],
            "tags": {},
            "tags_all": {},
            "timeouts": null,
            "vpc_endpoint_type": "Interface",
            "vpc_id": "vpc-08e361d69fd5dd418"
          },
          "sensitive_attributes": [],
          "private": "eyJlMmJmYjczMC1lY2FhLTExZTYtOGY4OC0zNDM2M2JjN2M0YzAiOnsiY3JlYXRlIjo2MDAwMDAwMDAwMDAsImRlbGV0ZSI6NjAwMDAwMDAwMDAwLCJ1cGRhdGUiOjYwMDAwMDAwMDAwMH19",
          "dependencies": [
            "aws_security_group.alb_sg",
            "aws_security_group.ecs_sg",
            "aws_subnet.private",
            "aws_vpc.main"
          ]
        }
      ]
    },
    {
      "mode": "managed",
      "type": "aws_vpc_endpoint",
      "name": "ecr_dkr",
      "provider": "provider[\"registry.terraform.io/hashicorp/aws\"]",
      "instances": [
        {
          "schema_version": 0,
          "attributes": {
            "arn": "arn:aws:ec2:eu-west-1:183631301567:vpc-endpoint/vpce-0b60c18ebd5b679c4",
            "auto_accept": null,
            "cidr_blocks": [],
            "dns_entry": [
              {
                "dns_name": "vpce-0b60c18ebd5b679c4-mvp9cn7c.dkr.ecr.eu-west-1.vpce.amazonaws.com",
                "hosted_zone_id": "Z38GZ743OKFT7T"
              },
              {
                "dns_name": "vpce-0b60c18ebd5b679c4-mvp9cn7c-eu-west-1a.dkr.ecr.eu-west-1.vpce.amazonaws.com",
                "hosted_zone_id": "Z38GZ743OKFT7T"
              },
              {
                "dns_name": "vpce-0b60c18ebd5b679c4-mvp9cn7c-eu-west-1b.dkr.ecr.eu-west-1.vpce.amazonaws.com",
                "hosted_zone_id": "Z38GZ743OKFT7T"
              }
            ],
            "dns_options": [
              {
                "dns_record_ip_type": "ipv4",
                "private_dns_only_for_inbound_resolver_endpoint": false
              }
            ],
            "id": "vpce-0b60c18ebd5b679c4",
            "ip_address_type": "ipv4",
            "network_interface_ids": [
              "eni-00952f155883f4057",
              "eni-0beda7083e3070adb"
            ],
            "owner_id": "183631301567",
            "policy": "{\"Statement\":[{\"Action\":\"*\",\"Effect\":\"Allow\",\"Principal\":\"*\",\"Resource\":\"*\"}]}",
            "prefix_list_id": null,
            "private_dns_enabled": false,
            "requester_managed": false,
            "resource_configuration_arn": "",
            "route_table_ids": [],
            "security_group_ids": [
              "sg-08e977673f0f367fb"
            ],
            "service_name": "com.amazonaws.eu-west-1.ecr.dkr",
            "service_network_arn": "",
            "service_region": "eu-west-1",
            "state": "available",
            "subnet_configuration": [
              {
                "ipv4": "10.0.2.147",
                "ipv6": "",
                "subnet_id": "subnet-07a84858ed4ae4e87"
              },
              {
                "ipv4": "10.0.3.86",
                "ipv6": "",
                "subnet_id": "subnet-06b547b2902e96bd8"
              }
            ],
            "subnet_ids": [
              "subnet-06b547b2902e96bd8",
              "subnet-07a84858ed4ae4e87"
            ],
            "tags": {},
            "tags_all": {},
            "timeouts": null,
            "vpc_endpoint_type": "Interface",
            "vpc_id": "vpc-08e361d69fd5dd418"
          },
          "sensitive_attributes": [],
          "private": "eyJlMmJmYjczMC1lY2FhLTExZTYtOGY4OC0zNDM2M2JjN2M0YzAiOnsiY3JlYXRlIjo2MDAwMDAwMDAwMDAsImRlbGV0ZSI6NjAwMDAwMDAwMDAwLCJ1cGRhdGUiOjYwMDAwMDAwMDAwMH19",
          "dependencies": [
            "aws_security_group.alb_sg",
            "aws_security_group.ecs_sg",
            "aws_subnet.private",
            "aws_vpc.main"
          ]
        }
      ]
    },
    {
      "mode": "managed",
      "type": "aws_vpc_endpoint",
      "name": "secretsmanager",
      "provider": "provider[\"registry.terraform.io/hashicorp/aws\"]",
      "instances": [
        {
          "schema_version": 0,
          "attributes": {
            "arn": "arn:aws:ec2:eu-west-1:183631301567:vpc-endpoint/vpce-0693caab12fb8e62e",
            "auto_accept": null,
            "cidr_blocks": [],
            "dns_entry": [
              {
                "dns_name": "vpce-0693caab12fb8e62e-s480gl3e.secretsmanager.eu-west-1.vpce.amazonaws.com",
                "hosted_zone_id": "Z38GZ743OKFT7T"
              },
              {
                "dns_name": "vpce-0693caab12fb8e62e-s480gl3e-eu-west-1a.secretsmanager.eu-west-1.vpce.amazonaws.com",
                "hosted_zone_id": "Z38GZ743OKFT7T"
              },
              {
                "dns_name": "vpce-0693caab12fb8e62e-s480gl3e-eu-west-1b.secretsmanager.eu-west-1.vpce.amazonaws.com",
                "hosted_zone_id": "Z38GZ743OKFT7T"
              }
            ],
            "dns_options": [
              {
                "dns_record_ip_type": "ipv4",
                "private_dns_only_for_inbound_resolver_endpoint": false
              }
            ],
            "id": "vpce-0693caab12fb8e62e",
            "ip_address_type": "ipv4",
            "network_interface_ids": [
              "eni-09c4acad3b3dab8e4",
              "eni-0b066c0d8909ae1b2"
            ],
            "owner_id": "183631301567",
            "policy": "{\"Statement\":[{\"Action\":\"*\",\"Effect\":\"Allow\",\"Principal\":\"*\",\"Resource\":\"*\"}]}",
            "prefix_list_id": null,
            "private_dns_enabled": false,
            "requester_managed": false,
            "resource_configuration_arn": "",
            "route_table_ids": [],
            "security_group_ids": [
              "sg-08e977673f0f367fb"
            ],
            "service_name": "com.amazonaws.eu-west-1.secretsmanager",
            "service_network_arn": "",
            "service_region": "eu-west-1",
            "state": "available",
            "subnet_configuration": [
              {
                "ipv4": "10.0.2.242",
                "ipv6": "",
                "subnet_id": "subnet-07a84858ed4ae4e87"
              },
              {
                "ipv4": "10.0.3.235",
                "ipv6": "",
                "subnet_id": "subnet-06b547b2902e96bd8"
              }
            ],
            "subnet_ids": [
              "subnet-06b547b2902e96bd8",
              "subnet-07a84858ed4ae4e87"
            ],
            "tags": {},
            "tags_all": {},
            "timeouts": null,
            "vpc_endpoint_type": "Interface",
            "vpc_id": "vpc-08e361d69fd5dd418"
          },
          "sensitive_attributes": [],
          "private": "eyJlMmJmYjczMC1lY2FhLTExZTYtOGY4OC0zNDM2M2JjN2M0YzAiOnsiY3JlYXRlIjo2MDAwMDAwMDAwMDAsImRlbGV0ZSI6NjAwMDAwMDAwMDAwLCJ1cGRhdGUiOjYwMDAwMDAwMDAwMH19",
          "dependencies": [
            "aws_security_group.alb_sg",
            "aws_security_group.ecs_sg",
            "aws_subnet.private",
            "aws_vpc.main"
          ]
        }
      ]
    },
    {
      "mode": "managed",
      "type": "random_password",
      "name": "db_password",
      "provider": "provider[\"registry.terraform.io/hashicorp/random\"]",
      "instances": [
        {
          "schema_version": 3,
          "attributes": {
            "bcrypt_hash": "$2a$10$SNXJlwDIQSnSHTgYPom1N.ihqiJZk6PRHq5uuJDLJuQH5KtExqal.",
            "id": "none",
            "keepers": null,
            "length": 16,
            "lower": true,
            "min_lower": 0,
            "min_numeric": 0,
            "min_special": 0,
            "min_upper": 0,
            "number": true,
            "numeric": true,
            "override_special": "!#$%\u0026*()-_=+[]{}\u003c\u003e:?",
            "result": "f\u003cv)otfBgDh{5vM3",
            "special": true,
            "upper": true
          },
          "sensitive_attributes": [
            [
              {
                "type": "get_attr",
                "value": "bcrypt_hash"
              }
            ],
            [
              {
                "type": "get_attr",
                "value": "result"
              }
            ]
          ]
        }
      ]
    },
    {
      "mode": "managed",
      "type": "random_password",
      "name": "jwt",
      "provider": "provider[\"registry.terraform.io/hashicorp/random\"]",
      "instances": [
        {
          "schema_version": 3,
          "attributes": {
            "bcrypt_hash": "$2a$10$OtUItQ5W6FcBvQovJz.qC.ZE99KqPtjOa47j3bYGW8bmnCR2Nqby.",
            "id": "none",
            "keepers": null,
            "length": 64,
            "lower": true,
            "min_lower": 0,
            "min_numeric": 0,
            "min_special": 0,
            "min_upper": 0,
            "number": true,
            "numeric": true,
            "override_special": null,
            "result": "EhT4TavhloBf62ZwX94Rkxo45Ay1I9YZngqNWbVBP6gvG8Hwy0d8UGOOAwgVeang",
            "special": false,
            "upper": true
          },
          "sensitive_attributes": [
            [
              {
                "type": "get_attr",
                "value": "bcrypt_hash"
              }
            ],
            [
              {
                "type": "get_attr",
                "value": "result"
              }
            ]
          ]
        }
      ]
    }
  ],
  "check_results": null
}
